PODS:
  - SQLite.swift (0.15.5):
    - SQLite.swift/standard (= 0.15.5)
  - SQLite.swift/standard (0.15.5)

DEPENDENCIES:
  - SQLite.swift (~> 0.14)

SPEC REPOS:
  trunk:
    - SQLite.swift

SPEC CHECKSUMS:
  SQLite.swift: c38c92f61436f1a4053029550edb1ef7caa2a2cd

PODFILE CHECKSUM: 8e69fe3f65125ffaf54037765826475056f466cd

COCOAPODS: 1.16.2
