// !$*UTF8*$!
{
	archiveVersion = 1;
	classes = {
	};
	objectVersion = 47;
	objects = {

/* Begin PBXBuildFile section */
		1D60589F0D05DD5A006BFB54 /* Foundation.framework in Frameworks */ = {isa = PBXBuildFile; fileRef = 1D30AB110D05D00D00671497 /* Foundation.framework */; };
		1DF5F4E00D08C38300B7A737 /* UIKit.framework in Frameworks */ = {isa = PBXBuildFile; fileRef = 1DF5F4DF0D08C38300B7A737 /* UIKit.framework */; };
		2892E4100DC94CBA00A64D0F /* CoreGraphics.framework in Frameworks */ = {isa = PBXBuildFile; fileRef = 2892E40F0DC94CBA00A64D0F /* CoreGraphics.framework */; };
		2EE4473023AD94A6000C6FE9 /* Images.xcassets in Resources */ = {isa = PBXBuildFile; fileRef = 2EE4472F23AD94A6000C6FE9 /* Images.xcassets */; };
		3458CCD89E79670AAF8484F4 /* Pods_climbingweather.framework in Frameworks */ = {isa = PBXBuildFile; fileRef = A5BA8E83BE629AEA5BCC8E8D /* Pods_climbingweather.framework */; };
		600611CC1E77494C000F7694 /* AreaDailyCell.swift in Sources */ = {isa = PBXBuildFile; fileRef = 600611CA1E77494C000F7694 /* AreaDailyCell.swift */; };
		600611CD1E77494C000F7694 /* AreaDailyCell.xib in Resources */ = {isa = PBXBuildFile; fileRef = 600611CB1E77494C000F7694 /* AreaDailyCell.xib */; };
		600611D01E77498C000F7694 /* AreaHourlyCell.swift in Sources */ = {isa = PBXBuildFile; fileRef = 600611CE1E77498B000F7694 /* AreaHourlyCell.swift */; };
		600611D11E77498C000F7694 /* AreaHourlyCell.xib in Resources */ = {isa = PBXBuildFile; fileRef = 600611CF1E77498C000F7694 /* AreaHourlyCell.xib */; };
		6009BF8C1E5CE4FC0021A13B /* CWDatabase.swift in Sources */ = {isa = PBXBuildFile; fileRef = 6009BF8B1E5CE4FC0021A13B /* CWDatabase.swift */; };
		6009BF901E5DEDCB0021A13B /* HomeViewController.swift in Sources */ = {isa = PBXBuildFile; fileRef = 6009BF8F1E5DEDCB0021A13B /* HomeViewController.swift */; };
		6009BF941E6147FA0021A13B /* SettingsViewController.xib in Resources */ = {isa = PBXBuildFile; fileRef = 6009BF931E6147FA0021A13B /* SettingsViewController.xib */; };
		6009BF981E66429C0021A13B /* AboutViewController.xib in Resources */ = {isa = PBXBuildFile; fileRef = 6009BF971E66429C0021A13B /* AboutViewController.xib */; };
		6009BF9C1E667C0D0021A13B /* AreaDailyViewController.swift in Sources */ = {isa = PBXBuildFile; fileRef = 6009BF9B1E667C0D0021A13B /* AreaDailyViewController.swift */; };
		602D73EE1E5BFDA800925A58 /* AppDelegate.swift in Sources */ = {isa = PBXBuildFile; fileRef = 602D73ED1E5BFDA800925A58 /* AppDelegate.swift */; };
		603D94A51E527D3400AFB1FF /* AreasViewController.swift in Sources */ = {isa = PBXBuildFile; fileRef = 603D94A41E527D3400AFB1FF /* AreasViewController.swift */; };
		60482A231E71D5D800A0AFC9 /* AreaCell.swift in Sources */ = {isa = PBXBuildFile; fileRef = 60482A211E71D5D800A0AFC9 /* AreaCell.swift */; };
		60482A241E71D5D800A0AFC9 /* AreaCell.xib in Resources */ = {isa = PBXBuildFile; fileRef = 60482A221E71D5D800A0AFC9 /* AreaCell.xib */; };
		604890B11E6F3CC3002590D4 /* HomeViewController.xib in Resources */ = {isa = PBXBuildFile; fileRef = 604890B01E6F3CC3002590D4 /* HomeViewController.xib */; };
		6053B5E81E43CE5100798BC1 /* Area.swift in Sources */ = {isa = PBXBuildFile; fileRef = 6053B5E71E43CE5100798BC1 /* Area.swift */; };
		6053B5F21E452DF900798BC1 /* ClimbWeatherTests.swift in Sources */ = {isa = PBXBuildFile; fileRef = 6053B5F11E452DF900798BC1 /* ClimbWeatherTests.swift */; };
		6053B5FA1E452E2200798BC1 /* AreasTests.swift in Sources */ = {isa = PBXBuildFile; fileRef = 6053B5E91E451D7600798BC1 /* AreasTests.swift */; };
		6053B5FC1E4530DC00798BC1 /* State.swift in Sources */ = {isa = PBXBuildFile; fileRef = 6053B5FB1E4530DC00798BC1 /* State.swift */; };
		6053B5FE1E45314A00798BC1 /* StatesTests.swift in Sources */ = {isa = PBXBuildFile; fileRef = 6053B5FD1E45314A00798BC1 /* StatesTests.swift */; };
		6053B6001E45325B00798BC1 /* Forecast.swift in Sources */ = {isa = PBXBuildFile; fileRef = 6053B5FF1E45325B00798BC1 /* Forecast.swift */; };
		6053B6031E48F64C00798BC1 /* CWApi.swift in Sources */ = {isa = PBXBuildFile; fileRef = 6053B6021E48F64C00798BC1 /* CWApi.swift */; };
		6053B6051E49442700798BC1 /* Preference.swift in Sources */ = {isa = PBXBuildFile; fileRef = 6053B6041E49442700798BC1 /* Preference.swift */; };
		605BEDE31E67DA480076B4C4 /* AreaHourlyViewController.swift in Sources */ = {isa = PBXBuildFile; fileRef = 605BEDE21E67DA480076B4C4 /* AreaHourlyViewController.swift */; };
		605BEDE71E68EE480076B4C4 /* AreaMapViewController.swift in Sources */ = {isa = PBXBuildFile; fileRef = 605BEDE61E68EE480076B4C4 /* AreaMapViewController.swift */; };
		605BEDE91E68EE8B0076B4C4 /* AboutViewController.swift in Sources */ = {isa = PBXBuildFile; fileRef = 605BEDE81E68EE8B0076B4C4 /* AboutViewController.swift */; };
		605BEDEB1E68EE970076B4C4 /* SettingsViewController.swift in Sources */ = {isa = PBXBuildFile; fileRef = 605BEDEA1E68EE970076B4C4 /* SettingsViewController.swift */; };
		605BEDEF1E68EEB50076B4C4 /* StatesViewController.swift in Sources */ = {isa = PBXBuildFile; fileRef = 605BEDEE1E68EEB50076B4C4 /* StatesViewController.swift */; };
		605BEDF31E692BD90076B4C4 /* AreaMapViewController.xib in Resources */ = {isa = PBXBuildFile; fileRef = 605BEDF21E692BD90076B4C4 /* AreaMapViewController.xib */; };
		60759EEF201A9AA9009C1626 /* Podfile in Resources */ = {isa = PBXBuildFile; fileRef = 60759EEE201A9AA9009C1626 /* Podfile */; };
		60807EE313240AC9004A60C0 /* MainWindow.xib in Resources */ = {isa = PBXBuildFile; fileRef = 60807EE213240AC9004A60C0 /* MainWindow.xib */; };
		608DE32B12FAD61100AE172C /* climbingweather.db in Resources */ = {isa = PBXBuildFile; fileRef = 608DE32A12FAD61100AE172C /* climbingweather.db */; };
		608DE32F12FAD66E00AE172C /* libsqlite3.0.dylib in Frameworks */ = {isa = PBXBuildFile; fileRef = 608DE32E12FAD66E00AE172C /* libsqlite3.0.dylib */; };
		608DE64412FF85C600AE172C /* CoreLocation.framework in Frameworks */ = {isa = PBXBuildFile; fileRef = 608DE64312FF85C600AE172C /* CoreLocation.framework */; };
		608DE66612FF88CE00AE172C /* MapKit.framework in Frameworks */ = {isa = PBXBuildFile; fileRef = 608DE66512FF88CE00AE172C /* MapKit.framework */; };
		60ADE8C51E8A8D740040A472 /* Launch Screen.storyboard in Resources */ = {isa = PBXBuildFile; fileRef = 60ADE8C41E8A8D740040A472 /* Launch Screen.storyboard */; };
		60B3ADB02034C6020089D1CD /* ZeroState.xib in Resources */ = {isa = PBXBuildFile; fileRef = 60B3ADAF2034C6010089D1CD /* ZeroState.xib */; };
		60B3ADB22034C6DC0089D1CD /* ZeroState.swift in Sources */ = {isa = PBXBuildFile; fileRef = 60B3ADB12034C6DC0089D1CD /* ZeroState.swift */; };
		60D99E0A1355279200B238D5 /* iTunesArtwork in Resources */ = {isa = PBXBuildFile; fileRef = 60D99E091355279200B238D5 /* iTunesArtwork */; };
/* End PBXBuildFile section */

/* Begin PBXContainerItemProxy section */
		6053B5F41E452DF900798BC1 /* PBXContainerItemProxy */ = {
			isa = PBXContainerItemProxy;
			containerPortal = 29B97313FDCFA39411CA2CEA /* Project object */;
			proxyType = 1;
			remoteGlobalIDString = 1D6058900D05DD3D006BFB54;
			remoteInfo = climbingweather;
		};
/* End PBXContainerItemProxy section */

/* Begin PBXFileReference section */
		120DBC54ECE1324BDA54C2C6 /* Pods-climbingweather.debug.xcconfig */ = {isa = PBXFileReference; includeInIndex = 1; lastKnownFileType = text.xcconfig; name = "Pods-climbingweather.debug.xcconfig"; path = "Pods/Target Support Files/Pods-climbingweather/Pods-climbingweather.debug.xcconfig"; sourceTree = "<group>"; };
		1D30AB110D05D00D00671497 /* Foundation.framework */ = {isa = PBXFileReference; lastKnownFileType = wrapper.framework; name = Foundation.framework; path = System/Library/Frameworks/Foundation.framework; sourceTree = SDKROOT; };
		1D6058910D05DD3D006BFB54 /* ClimbingWeather.app */ = {isa = PBXFileReference; explicitFileType = wrapper.application; includeInIndex = 0; path = ClimbingWeather.app; sourceTree = BUILT_PRODUCTS_DIR; };
		1DF5F4DF0D08C38300B7A737 /* UIKit.framework */ = {isa = PBXFileReference; lastKnownFileType = wrapper.framework; name = UIKit.framework; path = System/Library/Frameworks/UIKit.framework; sourceTree = SDKROOT; };
		2892E40F0DC94CBA00A64D0F /* CoreGraphics.framework */ = {isa = PBXFileReference; lastKnownFileType = wrapper.framework; name = CoreGraphics.framework; path = System/Library/Frameworks/CoreGraphics.framework; sourceTree = SDKROOT; };
		28A0AAE50D9B0CCF005BE974 /* climbingweather_Prefix.pch */ = {isa = PBXFileReference; fileEncoding = 4; lastKnownFileType = sourcecode.c.h; path = climbingweather_Prefix.pch; sourceTree = "<group>"; };
		2EE4472F23AD94A6000C6FE9 /* Images.xcassets */ = {isa = PBXFileReference; lastKnownFileType = folder.assetcatalog; name = Images.xcassets; path = climbingweather/Images.xcassets; sourceTree = "<group>"; };
		600611CA1E77494C000F7694 /* AreaDailyCell.swift */ = {isa = PBXFileReference; fileEncoding = 4; lastKnownFileType = sourcecode.swift; name = AreaDailyCell.swift; path = Cells/AreaDailyCell.swift; sourceTree = "<group>"; };
		600611CB1E77494C000F7694 /* AreaDailyCell.xib */ = {isa = PBXFileReference; fileEncoding = 4; lastKnownFileType = file.xib; name = AreaDailyCell.xib; path = Cells/AreaDailyCell.xib; sourceTree = "<group>"; };
		600611CE1E77498B000F7694 /* AreaHourlyCell.swift */ = {isa = PBXFileReference; fileEncoding = 4; lastKnownFileType = sourcecode.swift; name = AreaHourlyCell.swift; path = Cells/AreaHourlyCell.swift; sourceTree = "<group>"; };
		600611CF1E77498C000F7694 /* AreaHourlyCell.xib */ = {isa = PBXFileReference; fileEncoding = 4; lastKnownFileType = file.xib; name = AreaHourlyCell.xib; path = Cells/AreaHourlyCell.xib; sourceTree = "<group>"; };
		6009BF8B1E5CE4FC0021A13B /* CWDatabase.swift */ = {isa = PBXFileReference; fileEncoding = 4; lastKnownFileType = sourcecode.swift; path = CWDatabase.swift; sourceTree = "<group>"; };
		6009BF8F1E5DEDCB0021A13B /* HomeViewController.swift */ = {isa = PBXFileReference; fileEncoding = 4; lastKnownFileType = sourcecode.swift; path = HomeViewController.swift; sourceTree = "<group>"; };
		6009BF931E6147FA0021A13B /* SettingsViewController.xib */ = {isa = PBXFileReference; fileEncoding = 4; lastKnownFileType = file.xib; name = SettingsViewController.xib; path = xib/SettingsViewController.xib; sourceTree = SOURCE_ROOT; };
		6009BF971E66429C0021A13B /* AboutViewController.xib */ = {isa = PBXFileReference; fileEncoding = 4; lastKnownFileType = file.xib; name = AboutViewController.xib; path = xib/AboutViewController.xib; sourceTree = SOURCE_ROOT; };
		6009BF9B1E667C0D0021A13B /* AreaDailyViewController.swift */ = {isa = PBXFileReference; fileEncoding = 4; lastKnownFileType = sourcecode.swift; path = AreaDailyViewController.swift; sourceTree = "<group>"; };
		602D73ED1E5BFDA800925A58 /* AppDelegate.swift */ = {isa = PBXFileReference; fileEncoding = 4; lastKnownFileType = sourcecode.swift; path = AppDelegate.swift; sourceTree = "<group>"; };
		603D94A41E527D3400AFB1FF /* AreasViewController.swift */ = {isa = PBXFileReference; fileEncoding = 4; lastKnownFileType = sourcecode.swift; path = AreasViewController.swift; sourceTree = "<group>"; };
		60482A211E71D5D800A0AFC9 /* AreaCell.swift */ = {isa = PBXFileReference; fileEncoding = 4; lastKnownFileType = sourcecode.swift; name = AreaCell.swift; path = Cells/AreaCell.swift; sourceTree = "<group>"; };
		60482A221E71D5D800A0AFC9 /* AreaCell.xib */ = {isa = PBXFileReference; fileEncoding = 4; lastKnownFileType = file.xib; name = AreaCell.xib; path = Cells/AreaCell.xib; sourceTree = "<group>"; };
		604890B01E6F3CC3002590D4 /* HomeViewController.xib */ = {isa = PBXFileReference; fileEncoding = 4; lastKnownFileType = file.xib; name = HomeViewController.xib; path = ../xib/HomeViewController.xib; sourceTree = "<group>"; };
		6053B5E61E43CE5000798BC1 /* climbingweather-Bridging-Header.h */ = {isa = PBXFileReference; lastKnownFileType = sourcecode.c.h; name = "climbingweather-Bridging-Header.h"; path = "Classes/climbingweather-Bridging-Header.h"; sourceTree = "<group>"; };
		6053B5E71E43CE5100798BC1 /* Area.swift */ = {isa = PBXFileReference; fileEncoding = 4; lastKnownFileType = sourcecode.swift; path = Area.swift; sourceTree = "<group>"; };
		6053B5E91E451D7600798BC1 /* AreasTests.swift */ = {isa = PBXFileReference; fileEncoding = 4; lastKnownFileType = sourcecode.swift; name = AreasTests.swift; path = ../UnitTests/AreasTests.swift; sourceTree = "<group>"; };
		6053B5EF1E452DF900798BC1 /* ClimbWeatherTests.xctest */ = {isa = PBXFileReference; explicitFileType = wrapper.cfbundle; includeInIndex = 0; path = ClimbWeatherTests.xctest; sourceTree = BUILT_PRODUCTS_DIR; };
		6053B5F11E452DF900798BC1 /* ClimbWeatherTests.swift */ = {isa = PBXFileReference; lastKnownFileType = sourcecode.swift; path = ClimbWeatherTests.swift; sourceTree = "<group>"; };
		6053B5F31E452DF900798BC1 /* Info.plist */ = {isa = PBXFileReference; lastKnownFileType = text.plist.xml; name = Info.plist; path = ClimbWeatherTests/Info.plist; sourceTree = "<group>"; };
		6053B5FB1E4530DC00798BC1 /* State.swift */ = {isa = PBXFileReference; fileEncoding = 4; lastKnownFileType = sourcecode.swift; path = State.swift; sourceTree = "<group>"; };
		6053B5FD1E45314A00798BC1 /* StatesTests.swift */ = {isa = PBXFileReference; fileEncoding = 4; lastKnownFileType = sourcecode.swift; path = StatesTests.swift; sourceTree = "<group>"; };
		6053B5FF1E45325B00798BC1 /* Forecast.swift */ = {isa = PBXFileReference; fileEncoding = 4; lastKnownFileType = sourcecode.swift; path = Forecast.swift; sourceTree = "<group>"; };
		6053B6021E48F64C00798BC1 /* CWApi.swift */ = {isa = PBXFileReference; fileEncoding = 4; lastKnownFileType = sourcecode.swift; path = CWApi.swift; sourceTree = "<group>"; };
		6053B6041E49442700798BC1 /* Preference.swift */ = {isa = PBXFileReference; fileEncoding = 4; lastKnownFileType = sourcecode.swift; path = Preference.swift; sourceTree = "<group>"; };
		605BEDE21E67DA480076B4C4 /* AreaHourlyViewController.swift */ = {isa = PBXFileReference; fileEncoding = 4; lastKnownFileType = sourcecode.swift; path = AreaHourlyViewController.swift; sourceTree = "<group>"; };
		605BEDE61E68EE480076B4C4 /* AreaMapViewController.swift */ = {isa = PBXFileReference; fileEncoding = 4; lastKnownFileType = sourcecode.swift; path = AreaMapViewController.swift; sourceTree = "<group>"; };
		605BEDE81E68EE8B0076B4C4 /* AboutViewController.swift */ = {isa = PBXFileReference; fileEncoding = 4; lastKnownFileType = sourcecode.swift; path = AboutViewController.swift; sourceTree = "<group>"; };
		605BEDEA1E68EE970076B4C4 /* SettingsViewController.swift */ = {isa = PBXFileReference; fileEncoding = 4; lastKnownFileType = sourcecode.swift; path = SettingsViewController.swift; sourceTree = "<group>"; };
		605BEDEE1E68EEB50076B4C4 /* StatesViewController.swift */ = {isa = PBXFileReference; fileEncoding = 4; lastKnownFileType = sourcecode.swift; path = StatesViewController.swift; sourceTree = "<group>"; };
		605BEDF21E692BD90076B4C4 /* AreaMapViewController.xib */ = {isa = PBXFileReference; fileEncoding = 4; lastKnownFileType = file.xib; name = AreaMapViewController.xib; path = Controllers/AreaMapViewController.xib; sourceTree = SOURCE_ROOT; };
		60759EEE201A9AA9009C1626 /* Podfile */ = {isa = PBXFileReference; fileEncoding = 4; lastKnownFileType = text; path = Podfile; sourceTree = "<group>"; xcLanguageSpecificationIdentifier = xcode.lang.ruby; };
		6077042A135697170085464F /* Entitlements.plist */ = {isa = PBXFileReference; fileEncoding = 4; lastKnownFileType = text.plist.xml; path = Entitlements.plist; sourceTree = "<group>"; };
		60807EE213240AC9004A60C0 /* MainWindow.xib */ = {isa = PBXFileReference; lastKnownFileType = file.xib; path = MainWindow.xib; sourceTree = "<group>"; };
		608DE32A12FAD61100AE172C /* climbingweather.db */ = {isa = PBXFileReference; lastKnownFileType = file; path = climbingweather.db; sourceTree = "<group>"; };
		608DE32E12FAD66E00AE172C /* libsqlite3.0.dylib */ = {isa = PBXFileReference; lastKnownFileType = "compiled.mach-o.dylib"; name = libsqlite3.0.dylib; path = usr/lib/libsqlite3.0.dylib; sourceTree = SDKROOT; };
		608DE64312FF85C600AE172C /* CoreLocation.framework */ = {isa = PBXFileReference; lastKnownFileType = wrapper.framework; name = CoreLocation.framework; path = System/Library/Frameworks/CoreLocation.framework; sourceTree = SDKROOT; };
		608DE66512FF88CE00AE172C /* MapKit.framework */ = {isa = PBXFileReference; lastKnownFileType = wrapper.framework; name = MapKit.framework; path = System/Library/Frameworks/MapKit.framework; sourceTree = SDKROOT; };
		60ADE8C41E8A8D740040A472 /* Launch Screen.storyboard */ = {isa = PBXFileReference; fileEncoding = 4; lastKnownFileType = file.storyboard; path = "Launch Screen.storyboard"; sourceTree = "<group>"; };
		60B3ADAF2034C6010089D1CD /* ZeroState.xib */ = {isa = PBXFileReference; lastKnownFileType = file.xib; path = ZeroState.xib; sourceTree = "<group>"; };
		60B3ADB12034C6DC0089D1CD /* ZeroState.swift */ = {isa = PBXFileReference; lastKnownFileType = sourcecode.swift; path = ZeroState.swift; sourceTree = "<group>"; };
		60D99E091355279200B238D5 /* iTunesArtwork */ = {isa = PBXFileReference; lastKnownFileType = file; path = iTunesArtwork; sourceTree = "<group>"; };
		8D1107310486CEB800E47090 /* climbingweather-Info.plist */ = {isa = PBXFileReference; fileEncoding = 4; lastKnownFileType = text.plist.xml; path = "climbingweather-Info.plist"; plistStructureDefinitionIdentifier = "com.apple.xcode.plist.structure-definition.iphone.info-plist"; sourceTree = "<group>"; };
		A47F2573F5EE65D5EF77735B /* Pods-climbingweather.release.xcconfig */ = {isa = PBXFileReference; includeInIndex = 1; lastKnownFileType = text.xcconfig; name = "Pods-climbingweather.release.xcconfig"; path = "Pods/Target Support Files/Pods-climbingweather/Pods-climbingweather.release.xcconfig"; sourceTree = "<group>"; };
		A5BA8E83BE629AEA5BCC8E8D /* Pods_climbingweather.framework */ = {isa = PBXFileReference; explicitFileType = wrapper.framework; includeInIndex = 0; path = Pods_climbingweather.framework; sourceTree = BUILT_PRODUCTS_DIR; };
		E1713432848AF9D41A8C2F34 /* Pods-climbingweather.distribution.xcconfig */ = {isa = PBXFileReference; includeInIndex = 1; lastKnownFileType = text.xcconfig; name = "Pods-climbingweather.distribution.xcconfig"; path = "Pods/Target Support Files/Pods-climbingweather/Pods-climbingweather.distribution.xcconfig"; sourceTree = "<group>"; };
/* End PBXFileReference section */

/* Begin PBXFrameworksBuildPhase section */
		1D60588F0D05DD3D006BFB54 /* Frameworks */ = {
			isa = PBXFrameworksBuildPhase;
			buildActionMask = 2147483647;
			files = (
				1D60589F0D05DD5A006BFB54 /* Foundation.framework in Frameworks */,
				1DF5F4E00D08C38300B7A737 /* UIKit.framework in Frameworks */,
				2892E4100DC94CBA00A64D0F /* CoreGraphics.framework in Frameworks */,
				608DE32F12FAD66E00AE172C /* libsqlite3.0.dylib in Frameworks */,
				608DE64412FF85C600AE172C /* CoreLocation.framework in Frameworks */,
				608DE66612FF88CE00AE172C /* MapKit.framework in Frameworks */,
				3458CCD89E79670AAF8484F4 /* Pods_climbingweather.framework in Frameworks */,
			);
			runOnlyForDeploymentPostprocessing = 0;
		};
		6053B5EC1E452DF900798BC1 /* Frameworks */ = {
			isa = PBXFrameworksBuildPhase;
			buildActionMask = 2147483647;
			files = (
			);
			runOnlyForDeploymentPostprocessing = 0;
		};
/* End PBXFrameworksBuildPhase section */

/* Begin PBXGroup section */
		19C28FACFE9D520D11CA2CBB /* Products */ = {
			isa = PBXGroup;
			children = (
				1D6058910D05DD3D006BFB54 /* ClimbingWeather.app */,
				6053B5EF1E452DF900798BC1 /* ClimbWeatherTests.xctest */,
			);
			name = Products;
			sourceTree = "<group>";
		};
		29B97314FDCFA39411CA2CEA /* CustomTemplate */ = {
			isa = PBXGroup;
			children = (
				60759EEE201A9AA9009C1626 /* Podfile */,
				6009BF8B1E5CE4FC0021A13B /* CWDatabase.swift */,
				602D73ED1E5BFDA800925A58 /* AppDelegate.swift */,
				6053B5E61E43CE5000798BC1 /* climbingweather-Bridging-Header.h */,
				6053B5F31E452DF900798BC1 /* Info.plist */,
				608DE32A12FAD61100AE172C /* climbingweather.db */,
				60807EE213240AC9004A60C0 /* MainWindow.xib */,
				6053B5E51E43CE3300798BC1 /* Model */,
				60E3A55420387A10009B6540 /* Views */,
				6053B66D1E4E073400798BC1 /* Controllers */,
				6053B6011E48F62C00798BC1 /* API */,
				60ADE8C31E8A8D570040A472 /* Storyboards */,
				29B97315FDCFA39411CA2CEA /* Other Sources */,
				29B97317FDCFA39411CA2CEA /* Resources */,
				6053B5F01E452DF900798BC1 /* ClimbWeatherTests */,
				29B97323FDCFA39411CA2CEA /* Frameworks */,
				19C28FACFE9D520D11CA2CBB /* Products */,
				608DE32E12FAD66E00AE172C /* libsqlite3.0.dylib */,
				608DE64312FF85C600AE172C /* CoreLocation.framework */,
				608DE66512FF88CE00AE172C /* MapKit.framework */,
				6077042A135697170085464F /* Entitlements.plist */,
				9800F519063C99F66A4E3FA4 /* Pods */,
			);
			name = CustomTemplate;
			sourceTree = "<group>";
		};
		29B97315FDCFA39411CA2CEA /* Other Sources */ = {
			isa = PBXGroup;
			children = (
				28A0AAE50D9B0CCF005BE974 /* climbingweather_Prefix.pch */,
			);
			name = "Other Sources";
			sourceTree = "<group>";
		};
		29B97317FDCFA39411CA2CEA /* Resources */ = {
			isa = PBXGroup;
			children = (
				2EE4472F23AD94A6000C6FE9 /* Images.xcassets */,
				60D99E091355279200B238D5 /* iTunesArtwork */,
				8D1107310486CEB800E47090 /* climbingweather-Info.plist */,
			);
			name = Resources;
			sourceTree = "<group>";
		};
		29B97323FDCFA39411CA2CEA /* Frameworks */ = {
			isa = PBXGroup;
			children = (
				1DF5F4DF0D08C38300B7A737 /* UIKit.framework */,
				1D30AB110D05D00D00671497 /* Foundation.framework */,
				2892E40F0DC94CBA00A64D0F /* CoreGraphics.framework */,
				A5BA8E83BE629AEA5BCC8E8D /* Pods_climbingweather.framework */,
			);
			name = Frameworks;
			sourceTree = "<group>";
		};
		6053B5E51E43CE3300798BC1 /* Model */ = {
			isa = PBXGroup;
			children = (
				6053B5E71E43CE5100798BC1 /* Area.swift */,
				6053B5FB1E4530DC00798BC1 /* State.swift */,
				6053B5FF1E45325B00798BC1 /* Forecast.swift */,
				6053B6041E49442700798BC1 /* Preference.swift */,
			);
			name = Model;
			path = Classes;
			sourceTree = "<group>";
		};
		6053B5F01E452DF900798BC1 /* ClimbWeatherTests */ = {
			isa = PBXGroup;
			children = (
				6053B5F11E452DF900798BC1 /* ClimbWeatherTests.swift */,
				6053B5E91E451D7600798BC1 /* AreasTests.swift */,
				6053B5FD1E45314A00798BC1 /* StatesTests.swift */,
			);
			path = ClimbWeatherTests;
			sourceTree = "<group>";
		};
		6053B6011E48F62C00798BC1 /* API */ = {
			isa = PBXGroup;
			children = (
				6053B6021E48F64C00798BC1 /* CWApi.swift */,
			);
			name = API;
			path = Classes;
			sourceTree = "<group>";
		};
		6053B66D1E4E073400798BC1 /* Controllers */ = {
			isa = PBXGroup;
			children = (
				6009BF8F1E5DEDCB0021A13B /* HomeViewController.swift */,
				604890B01E6F3CC3002590D4 /* HomeViewController.xib */,
				605BEDE81E68EE8B0076B4C4 /* AboutViewController.swift */,
				603D94A41E527D3400AFB1FF /* AreasViewController.swift */,
				605BEDEA1E68EE970076B4C4 /* SettingsViewController.swift */,
				6009BF931E6147FA0021A13B /* SettingsViewController.xib */,
				6009BF971E66429C0021A13B /* AboutViewController.xib */,
				605BEDEE1E68EEB50076B4C4 /* StatesViewController.swift */,
				6009BF9B1E667C0D0021A13B /* AreaDailyViewController.swift */,
				605BEDE21E67DA480076B4C4 /* AreaHourlyViewController.swift */,
				605BEDE61E68EE480076B4C4 /* AreaMapViewController.swift */,
				605BEDF21E692BD90076B4C4 /* AreaMapViewController.xib */,
			);
			path = Controllers;
			sourceTree = "<group>";
		};
		605BEDF41E69E6330076B4C4 /* Cells */ = {
			isa = PBXGroup;
			children = (
				600611CE1E77498B000F7694 /* AreaHourlyCell.swift */,
				600611CF1E77498C000F7694 /* AreaHourlyCell.xib */,
				600611CA1E77494C000F7694 /* AreaDailyCell.swift */,
				600611CB1E77494C000F7694 /* AreaDailyCell.xib */,
				60482A211E71D5D800A0AFC9 /* AreaCell.swift */,
				60482A221E71D5D800A0AFC9 /* AreaCell.xib */,
			);
			name = Cells;
			path = ..;
			sourceTree = "<group>";
		};
		60ADE8C31E8A8D570040A472 /* Storyboards */ = {
			isa = PBXGroup;
			children = (
				60ADE8C41E8A8D740040A472 /* Launch Screen.storyboard */,
			);
			name = Storyboards;
			sourceTree = "<group>";
		};
		60E3A55420387A10009B6540 /* Views */ = {
			isa = PBXGroup;
			children = (
				605BEDF41E69E6330076B4C4 /* Cells */,
				60B3ADAF2034C6010089D1CD /* ZeroState.xib */,
				60B3ADB12034C6DC0089D1CD /* ZeroState.swift */,
			);
			path = Views;
			sourceTree = "<group>";
		};
		9800F519063C99F66A4E3FA4 /* Pods */ = {
			isa = PBXGroup;
			children = (
				120DBC54ECE1324BDA54C2C6 /* Pods-climbingweather.debug.xcconfig */,
				A47F2573F5EE65D5EF77735B /* Pods-climbingweather.release.xcconfig */,
				E1713432848AF9D41A8C2F34 /* Pods-climbingweather.distribution.xcconfig */,
			);
			name = Pods;
			sourceTree = "<group>";
		};
/* End PBXGroup section */

/* Begin PBXNativeTarget section */
		1D6058900D05DD3D006BFB54 /* climbingweather */ = {
			isa = PBXNativeTarget;
			buildConfigurationList = 1D6058960D05DD3E006BFB54 /* Build configuration list for PBXNativeTarget "climbingweather" */;
			buildPhases = (
				B3494D191140BF29E3FF56CF /* [CP] Check Pods Manifest.lock */,
				1D60588D0D05DD3D006BFB54 /* Resources */,
				1D60588E0D05DD3D006BFB54 /* Sources */,
				1D60588F0D05DD3D006BFB54 /* Frameworks */,
				FAA08EF0DFC661491D5CAA45 /* [CP] Embed Pods Frameworks */,
				60759EF1201BE2C4009C1626 /* Crashlytics */,
				6335178319EEAEFEC70630CE /* [CP] Copy Pods Resources */,
			);
			buildRules = (
			);
			dependencies = (
			);
			name = climbingweather;
			productName = climbingweather;
			productReference = 1D6058910D05DD3D006BFB54 /* ClimbingWeather.app */;
			productType = "com.apple.product-type.application";
		};
		6053B5EE1E452DF900798BC1 /* ClimbWeatherTests */ = {
			isa = PBXNativeTarget;
			buildConfigurationList = 6053B5F61E452DF900798BC1 /* Build configuration list for PBXNativeTarget "ClimbWeatherTests" */;
			buildPhases = (
				6053B5EB1E452DF900798BC1 /* Sources */,
				6053B5EC1E452DF900798BC1 /* Frameworks */,
				6053B5ED1E452DF900798BC1 /* Resources */,
			);
			buildRules = (
			);
			dependencies = (
				6053B5F51E452DF900798BC1 /* PBXTargetDependency */,
			);
			name = ClimbWeatherTests;
			productName = ClimbWeatherTests;
			productReference = 6053B5EF1E452DF900798BC1 /* ClimbWeatherTests.xctest */;
			productType = "com.apple.product-type.bundle.unit-test";
		};
/* End PBXNativeTarget section */

/* Begin PBXProject section */
		29B97313FDCFA39411CA2CEA /* Project object */ = {
			isa = PBXProject;
			attributes = {
				LastSwiftUpdateCheck = 0820;
				LastUpgradeCheck = 1130;
				TargetAttributes = {
					1D6058900D05DD3D006BFB54 = {
						DevelopmentTeam = 5QHC9PP5E3;
						LastSwiftMigration = 1130;
						ProvisioningStyle = Manual;
					};
					6053B5EE1E452DF900798BC1 = {
						CreatedOnToolsVersion = 8.2.1;
						DevelopmentTeam = 5QHC9PP5E3;
						LastSwiftMigration = 1130;
						ProvisioningStyle = Automatic;
						TestTargetID = 1D6058900D05DD3D006BFB54;
					};
				};
			};
			buildConfigurationList = C01FCF4E08A954540054247B /* Build configuration list for PBXProject "climbingweather" */;
			compatibilityVersion = "Xcode 6.3";
			developmentRegion = en;
			hasScannedForEncodings = 1;
			knownRegions = (
				en,
				Base,
				fr,
				de,
				ja,
			);
			mainGroup = 29B97314FDCFA39411CA2CEA /* CustomTemplate */;
			productRefGroup = 19C28FACFE9D520D11CA2CBB /* Products */;
			projectDirPath = "";
			projectRoot = "";
			targets = (
				1D6058900D05DD3D006BFB54 /* climbingweather */,
				6053B5EE1E452DF900798BC1 /* ClimbWeatherTests */,
			);
		};
/* End PBXProject section */

/* Begin PBXResourcesBuildPhase section */
		1D60588D0D05DD3D006BFB54 /* Resources */ = {
			isa = PBXResourcesBuildPhase;
			buildActionMask = 2147483647;
			files = (
				600611D11E77498C000F7694 /* AreaHourlyCell.xib in Resources */,
				605BEDF31E692BD90076B4C4 /* AreaMapViewController.xib in Resources */,
				6009BF941E6147FA0021A13B /* SettingsViewController.xib in Resources */,
				6009BF981E66429C0021A13B /* AboutViewController.xib in Resources */,
				60B3ADB02034C6020089D1CD /* ZeroState.xib in Resources */,
				2EE4473023AD94A6000C6FE9 /* Images.xcassets in Resources */,
				60759EEF201A9AA9009C1626 /* Podfile in Resources */,
				600611CD1E77494C000F7694 /* AreaDailyCell.xib in Resources */,
				60ADE8C51E8A8D740040A472 /* Launch Screen.storyboard in Resources */,
				608DE32B12FAD61100AE172C /* climbingweather.db in Resources */,
				604890B11E6F3CC3002590D4 /* HomeViewController.xib in Resources */,
				60807EE313240AC9004A60C0 /* MainWindow.xib in Resources */,
				60482A241E71D5D800A0AFC9 /* AreaCell.xib in Resources */,
				60D99E0A1355279200B238D5 /* iTunesArtwork in Resources */,
			);
			runOnlyForDeploymentPostprocessing = 0;
		};
		6053B5ED1E452DF900798BC1 /* Resources */ = {
			isa = PBXResourcesBuildPhase;
			buildActionMask = 2147483647;
			files = (
			);
			runOnlyForDeploymentPostprocessing = 0;
		};
/* End PBXResourcesBuildPhase section */

/* Begin PBXShellScriptBuildPhase section */
		60759EF1201BE2C4009C1626 /* Crashlytics */ = {
			isa = PBXShellScriptBuildPhase;
			buildActionMask = 2147483647;
			files = (
			);
			inputPaths = (
			);
			name = Crashlytics;
			outputPaths = (
			);
			runOnlyForDeploymentPostprocessing = 0;
			shellPath = /bin/sh;
			shellScript = "\"${PODS_ROOT}/Fabric/run\" 3d18ec67b89ed8a813871d41946cd5aad10197ed 8b37b35a14e1c0da16efb2c93b28fe36ba904e202177a263cda8fa9f479d6882";
		};
		6335178319EEAEFEC70630CE /* [CP] Copy Pods Resources */ = {
			isa = PBXShellScriptBuildPhase;
			buildActionMask = 2147483647;
			files = (
			);
			inputPaths = (
			);
			name = "[CP] Copy Pods Resources";
			outputPaths = (
			);
			runOnlyForDeploymentPostprocessing = 0;
			shellPath = /bin/sh;
			shellScript = "\"${SRCROOT}/Pods/Target Support Files/Pods-climbingweather/Pods-climbingweather-resources.sh\"\n";
			showEnvVarsInLog = 0;
		};
		B3494D191140BF29E3FF56CF /* [CP] Check Pods Manifest.lock */ = {
			isa = PBXShellScriptBuildPhase;
			buildActionMask = 2147483647;
			files = (
			);
			inputPaths = (
				"${PODS_PODFILE_DIR_PATH}/Podfile.lock",
				"${PODS_ROOT}/Manifest.lock",
			);
			name = "[CP] Check Pods Manifest.lock";
			outputPaths = (
				"$(DERIVED_FILE_DIR)/Pods-climbingweather-checkManifestLockResult.txt",
			);
			runOnlyForDeploymentPostprocessing = 0;
			shellPath = /bin/sh;
			shellScript = "diff \"${PODS_PODFILE_DIR_PATH}/Podfile.lock\" \"${PODS_ROOT}/Manifest.lock\" > /dev/null\nif [ $? != 0 ] ; then\n    # print error to STDERR\n    echo \"error: The sandbox is not in sync with the Podfile.lock. Run 'pod install' or update your CocoaPods installation.\" >&2\n    exit 1\nfi\n# This output is used by Xcode 'outputs' to avoid re-running this script phase.\necho \"SUCCESS\" > \"${SCRIPT_OUTPUT_FILE_0}\"\n";
			showEnvVarsInLog = 0;
		};
		FAA08EF0DFC661491D5CAA45 /* [CP] Embed Pods Frameworks */ = {
			isa = PBXShellScriptBuildPhase;
			buildActionMask = 2147483647;
			files = (
			);
			inputPaths = (
				"${SRCROOT}/Pods/Target Support Files/Pods-climbingweather/Pods-climbingweather-frameworks.sh",
				"${BUILT_PRODUCTS_DIR}/SQLite.swift/SQLite.framework",
			);
			name = "[CP] Embed Pods Frameworks";
			outputPaths = (
				"${TARGET_BUILD_DIR}/${FRAMEWORKS_FOLDER_PATH}/SQLite.framework",
			);
			runOnlyForDeploymentPostprocessing = 0;
			shellPath = /bin/sh;
			shellScript = "\"${SRCROOT}/Pods/Target Support Files/Pods-climbingweather/Pods-climbingweather-frameworks.sh\"\n";
			showEnvVarsInLog = 0;
		};
/* End PBXShellScriptBuildPhase section */

/* Begin PBXSourcesBuildPhase section */
		1D60588E0D05DD3D006BFB54 /* Sources */ = {
			isa = PBXSourcesBuildPhase;
			buildActionMask = 2147483647;
			files = (
				605BEDE71E68EE480076B4C4 /* AreaMapViewController.swift in Sources */,
				6053B6031E48F64C00798BC1 /* CWApi.swift in Sources */,
				605BEDE31E67DA480076B4C4 /* AreaHourlyViewController.swift in Sources */,
				600611D01E77498C000F7694 /* AreaHourlyCell.swift in Sources */,
				60B3ADB22034C6DC0089D1CD /* ZeroState.swift in Sources */,
				6009BF9C1E667C0D0021A13B /* AreaDailyViewController.swift in Sources */,
				603D94A51E527D3400AFB1FF /* AreasViewController.swift in Sources */,
				6053B5FC1E4530DC00798BC1 /* State.swift in Sources */,
				602D73EE1E5BFDA800925A58 /* AppDelegate.swift in Sources */,
				605BEDEF1E68EEB50076B4C4 /* StatesViewController.swift in Sources */,
				6053B6001E45325B00798BC1 /* Forecast.swift in Sources */,
				6009BF8C1E5CE4FC0021A13B /* CWDatabase.swift in Sources */,
				60482A231E71D5D800A0AFC9 /* AreaCell.swift in Sources */,
				600611CC1E77494C000F7694 /* AreaDailyCell.swift in Sources */,
				605BEDEB1E68EE970076B4C4 /* SettingsViewController.swift in Sources */,
				6009BF901E5DEDCB0021A13B /* HomeViewController.swift in Sources */,
				605BEDE91E68EE8B0076B4C4 /* AboutViewController.swift in Sources */,
				6053B5E81E43CE5100798BC1 /* Area.swift in Sources */,
				6053B6051E49442700798BC1 /* Preference.swift in Sources */,
			);
			runOnlyForDeploymentPostprocessing = 0;
		};
		6053B5EB1E452DF900798BC1 /* Sources */ = {
			isa = PBXSourcesBuildPhase;
			buildActionMask = 2147483647;
			files = (
				6053B5FE1E45314A00798BC1 /* StatesTests.swift in Sources */,
				6053B5FA1E452E2200798BC1 /* AreasTests.swift in Sources */,
				6053B5F21E452DF900798BC1 /* ClimbWeatherTests.swift in Sources */,
			);
			runOnlyForDeploymentPostprocessing = 0;
		};
/* End PBXSourcesBuildPhase section */

/* Begin PBXTargetDependency section */
		6053B5F51E452DF900798BC1 /* PBXTargetDependency */ = {
			isa = PBXTargetDependency;
			target = 1D6058900D05DD3D006BFB54 /* climbingweather */;
			targetProxy = 6053B5F41E452DF900798BC1 /* PBXContainerItemProxy */;
		};
/* End PBXTargetDependency section */

/* Begin XCBuildConfiguration section */
		1D6058940D05DD3E006BFB54 /* Debug */ = {
			isa = XCBuildConfiguration;
			baseConfigurationReference = 120DBC54ECE1324BDA54C2C6 /* Pods-climbingweather.debug.xcconfig */;
			buildSettings = {
				ALWAYS_EMBED_SWIFT_STANDARD_LIBRARIES = YES;
				ALWAYS_SEARCH_USER_PATHS = NO;
				ASSETCATALOG_COMPILER_APPICON_NAME = AppIcon;
				CLANG_ENABLE_MODULES = YES;
				CLANG_ENABLE_OBJC_ARC = YES;
				CODE_SIGN_ENTITLEMENTS = Entitlements.plist;
				CODE_SIGN_IDENTITY = "iPhone Distribution";
				"CODE_SIGN_IDENTITY[sdk=iphoneos*]" = "iPhone Developer";
				COPY_PHASE_STRIP = NO;
				CURRENT_PROJECT_VERSION = 202004151736;
				DEVELOPMENT_TEAM = 5QHC9PP5E3;
				GCC_DYNAMIC_NO_PIC = NO;
				GCC_OPTIMIZATION_LEVEL = 0;
				GCC_PRECOMPILE_PREFIX_HEADER = YES;
				GCC_PREFIX_HEADER = climbingweather_Prefix.pch;
				INFOPLIST_FILE = "climbingweather-Info.plist";
				IPHONEOS_DEPLOYMENT_TARGET = 10.0;
				LD_RUNPATH_SEARCH_PATHS = "$(inherited) @executable_path/Frameworks";
				MARKETING_VERSION = 1.6;
				PRODUCT_BUNDLE_IDENTIFIER = com.climbingweather.cw;
				PRODUCT_NAME = ClimbingWeather;
				PROVISIONING_PROFILE = "6fcd44e1-a27b-4bdf-a7fc-cdca21e910f1";
				PROVISIONING_PROFILE_SPECIFIER = "match Development com.climbingweather.cw";
				SWIFT_OBJC_BRIDGING_HEADER = "Classes/climbingweather-Bridging-Header.h";
				SWIFT_OPTIMIZATION_LEVEL = "-Onone";
				SWIFT_SWIFT3_OBJC_INFERENCE = Default;
				SWIFT_VERSION = 5.0;
				TARGETED_DEVICE_FAMILY = 1;
			};
			name = Debug;
		};
		1D6058950D05DD3E006BFB54 /* Release */ = {
			isa = XCBuildConfiguration;
			baseConfigurationReference = A47F2573F5EE65D5EF77735B /* Pods-climbingweather.release.xcconfig */;
			buildSettings = {
				ALWAYS_EMBED_SWIFT_STANDARD_LIBRARIES = YES;
				ALWAYS_SEARCH_USER_PATHS = NO;
				ASSETCATALOG_COMPILER_APPICON_NAME = AppIcon;
				CLANG_ENABLE_MODULES = YES;
				CLANG_ENABLE_OBJC_ARC = YES;
				CODE_SIGN_ENTITLEMENTS = Entitlements.plist;
				CODE_SIGN_IDENTITY = "iPhone Distribution";
				"CODE_SIGN_IDENTITY[sdk=iphoneos*]" = "iPhone Distribution";
				COPY_PHASE_STRIP = YES;
				CURRENT_PROJECT_VERSION = 202004151736;
				DEVELOPMENT_TEAM = 5QHC9PP5E3;
				GCC_PRECOMPILE_PREFIX_HEADER = YES;
				GCC_PREFIX_HEADER = climbingweather_Prefix.pch;
				INFOPLIST_FILE = "climbingweather-Info.plist";
				IPHONEOS_DEPLOYMENT_TARGET = 10.0;
				LD_RUNPATH_SEARCH_PATHS = "$(inherited) @executable_path/Frameworks";
				MARKETING_VERSION = 1.6;
				PRODUCT_BUNDLE_IDENTIFIER = com.climbingweather.cw;
				PRODUCT_NAME = ClimbingWeather;
				PROVISIONING_PROFILE = "0a1b198d-66ef-47bf-839d-aa9186ef75a7";
				"PROVISIONING_PROFILE[sdk=iphoneos*]" = "";
				PROVISIONING_PROFILE_SPECIFIER = "match AppStore com.climbingweather.cw";
				SWIFT_OBJC_BRIDGING_HEADER = "Classes/climbingweather-Bridging-Header.h";
				SWIFT_SWIFT3_OBJC_INFERENCE = Default;
				SWIFT_VERSION = 5.0;
				TARGETED_DEVICE_FAMILY = 1;
				VALIDATE_PRODUCT = YES;
			};
			name = Release;
		};
		6053B5F71E452DF900798BC1 /* Debug */ = {
			isa = XCBuildConfiguration;
			buildSettings = {
				ALWAYS_SEARCH_USER_PATHS = NO;
				BUNDLE_LOADER = "$(TEST_HOST)";
				CLANG_ANALYZER_NONNULL = YES;
				CLANG_CXX_LANGUAGE_STANDARD = "gnu++0x";
				CLANG_CXX_LIBRARY = "libc++";
				CLANG_ENABLE_MODULES = YES;
				CLANG_ENABLE_OBJC_ARC = YES;
				CLANG_WARN_DIRECT_OBJC_ISA_USAGE = YES_ERROR;
				CLANG_WARN_DOCUMENTATION_COMMENTS = YES;
				CLANG_WARN_OBJC_ROOT_CLASS = YES_ERROR;
				COPY_PHASE_STRIP = NO;
				DEBUG_INFORMATION_FORMAT = dwarf;
				DEVELOPMENT_TEAM = 5QHC9PP5E3;
				GCC_C_LANGUAGE_STANDARD = gnu99;
				GCC_DYNAMIC_NO_PIC = NO;
				GCC_OPTIMIZATION_LEVEL = 0;
				GCC_PREPROCESSOR_DEFINITIONS = (
					"DEBUG=1",
					"$(inherited)",
				);
				GCC_WARN_ABOUT_RETURN_TYPE = YES_ERROR;
				GCC_WARN_UNINITIALIZED_AUTOS = YES_AGGRESSIVE;
				INFOPLIST_FILE = ClimbWeatherTests/Info.plist;
				IPHONEOS_DEPLOYMENT_TARGET = 10.2;
				LD_RUNPATH_SEARCH_PATHS = "$(inherited) @executable_path/Frameworks @loader_path/Frameworks";
				MTL_ENABLE_DEBUG_INFO = YES;
				PRODUCT_BUNDLE_IDENTIFIER = com.climbingweather.ClimbWeatherTests;
				PRODUCT_NAME = "$(TARGET_NAME)";
				SWIFT_ACTIVE_COMPILATION_CONDITIONS = DEBUG;
				SWIFT_OPTIMIZATION_LEVEL = "-Onone";
				SWIFT_SWIFT3_OBJC_INFERENCE = Default;
				SWIFT_VERSION = 5.0;
				TEST_HOST = "$(BUILT_PRODUCTS_DIR)/ClimbingWeather.app/ClimbingWeather";
			};
			name = Debug;
		};
		6053B5F81E452DF900798BC1 /* Release */ = {
			isa = XCBuildConfiguration;
			buildSettings = {
				ALWAYS_SEARCH_USER_PATHS = NO;
				BUNDLE_LOADER = "$(TEST_HOST)";
				CLANG_ANALYZER_NONNULL = YES;
				CLANG_CXX_LANGUAGE_STANDARD = "gnu++0x";
				CLANG_CXX_LIBRARY = "libc++";
				CLANG_ENABLE_MODULES = YES;
				CLANG_ENABLE_OBJC_ARC = YES;
				CLANG_WARN_DIRECT_OBJC_ISA_USAGE = YES_ERROR;
				CLANG_WARN_DOCUMENTATION_COMMENTS = YES;
				CLANG_WARN_OBJC_ROOT_CLASS = YES_ERROR;
				"CODE_SIGN_IDENTITY[sdk=iphoneos*]" = "iPhone Developer";
				COPY_PHASE_STRIP = NO;
				DEBUG_INFORMATION_FORMAT = "dwarf-with-dsym";
				DEVELOPMENT_TEAM = 5QHC9PP5E3;
				ENABLE_NS_ASSERTIONS = NO;
				GCC_C_LANGUAGE_STANDARD = gnu99;
				GCC_WARN_ABOUT_RETURN_TYPE = YES_ERROR;
				GCC_WARN_UNINITIALIZED_AUTOS = YES_AGGRESSIVE;
				INFOPLIST_FILE = ClimbWeatherTests/Info.plist;
				IPHONEOS_DEPLOYMENT_TARGET = 10.2;
				LD_RUNPATH_SEARCH_PATHS = "$(inherited) @executable_path/Frameworks @loader_path/Frameworks";
				MTL_ENABLE_DEBUG_INFO = NO;
				PRODUCT_BUNDLE_IDENTIFIER = com.climbingweather.ClimbWeatherTests;
				PRODUCT_NAME = "$(TARGET_NAME)";
				SWIFT_OPTIMIZATION_LEVEL = "-Owholemodule";
				SWIFT_SWIFT3_OBJC_INFERENCE = Default;
				SWIFT_VERSION = 5.0;
				TEST_HOST = "$(BUILT_PRODUCTS_DIR)/Weather.app/Weather";
				VALIDATE_PRODUCT = YES;
			};
			name = Release;
		};
		6053B5F91E452DF900798BC1 /* Distribution */ = {
			isa = XCBuildConfiguration;
			buildSettings = {
				ALWAYS_SEARCH_USER_PATHS = NO;
				BUNDLE_LOADER = "$(TEST_HOST)";
				CLANG_ANALYZER_NONNULL = YES;
				CLANG_CXX_LANGUAGE_STANDARD = "gnu++0x";
				CLANG_CXX_LIBRARY = "libc++";
				CLANG_ENABLE_MODULES = YES;
				CLANG_ENABLE_OBJC_ARC = YES;
				CLANG_WARN_DIRECT_OBJC_ISA_USAGE = YES_ERROR;
				CLANG_WARN_DOCUMENTATION_COMMENTS = YES;
				CLANG_WARN_OBJC_ROOT_CLASS = YES_ERROR;
				"CODE_SIGN_IDENTITY[sdk=iphoneos*]" = "iPhone Developer";
				COPY_PHASE_STRIP = NO;
				DEBUG_INFORMATION_FORMAT = "dwarf-with-dsym";
				DEVELOPMENT_TEAM = 5QHC9PP5E3;
				ENABLE_NS_ASSERTIONS = NO;
				GCC_C_LANGUAGE_STANDARD = gnu99;
				GCC_WARN_ABOUT_RETURN_TYPE = YES_ERROR;
				GCC_WARN_UNINITIALIZED_AUTOS = YES_AGGRESSIVE;
				INFOPLIST_FILE = ClimbWeatherTests/Info.plist;
				IPHONEOS_DEPLOYMENT_TARGET = 10.2;
				LD_RUNPATH_SEARCH_PATHS = "$(inherited) @executable_path/Frameworks @loader_path/Frameworks";
				MTL_ENABLE_DEBUG_INFO = NO;
				PRODUCT_BUNDLE_IDENTIFIER = com.climbingweather.ClimbWeatherTests;
				PRODUCT_NAME = "$(TARGET_NAME)";
				SWIFT_OPTIMIZATION_LEVEL = "-Owholemodule";
				SWIFT_SWIFT3_OBJC_INFERENCE = Default;
				SWIFT_VERSION = 5.0;
				TEST_HOST = "$(BUILT_PRODUCTS_DIR)/Weather.app/Weather";
				VALIDATE_PRODUCT = YES;
			};
			name = Distribution;
		};
		60770416135696090085464F /* Distribution */ = {
			isa = XCBuildConfiguration;
			buildSettings = {
				CLANG_ANALYZER_LOCALIZABILITY_NONLOCALIZED = YES;
				CLANG_WARN_BLOCK_CAPTURE_AUTORELEASING = YES;
				CLANG_WARN_BOOL_CONVERSION = YES;
				CLANG_WARN_COMMA = YES;
				CLANG_WARN_CONSTANT_CONVERSION = YES;
				CLANG_WARN_DEPRECATED_OBJC_IMPLEMENTATIONS = YES;
				CLANG_WARN_EMPTY_BODY = YES;
				CLANG_WARN_ENUM_CONVERSION = YES;
				CLANG_WARN_INFINITE_RECURSION = YES;
				CLANG_WARN_INT_CONVERSION = YES;
				CLANG_WARN_NON_LITERAL_NULL_CONVERSION = YES;
				CLANG_WARN_OBJC_IMPLICIT_RETAIN_SELF = YES;
				CLANG_WARN_OBJC_LITERAL_CONVERSION = YES;
				CLANG_WARN_RANGE_LOOP_ANALYSIS = YES;
				CLANG_WARN_STRICT_PROTOTYPES = YES;
				CLANG_WARN_SUSPICIOUS_MOVE = YES;
				CLANG_WARN_UNREACHABLE_CODE = YES;
				CLANG_WARN__DUPLICATE_METHOD_MATCH = YES;
				CODE_SIGN_IDENTITY = "iPhone Distribution";
				"CODE_SIGN_IDENTITY[sdk=iphoneos*]" = "iPhone Distribution";
				ENABLE_STRICT_OBJC_MSGSEND = YES;
				GCC_C_LANGUAGE_STANDARD = c99;
				GCC_NO_COMMON_BLOCKS = YES;
				GCC_WARN_64_TO_32_BIT_CONVERSION = YES;
				GCC_WARN_ABOUT_RETURN_TYPE = YES;
				GCC_WARN_UNDECLARED_SELECTOR = YES;
				GCC_WARN_UNINITIALIZED_AUTOS = YES;
				GCC_WARN_UNUSED_FUNCTION = YES;
				GCC_WARN_UNUSED_VARIABLE = YES;
				OTHER_CFLAGS = "-DNS_BLOCK_ASSERTIONS=1";
				SDKROOT = iphoneos;
				SWIFT_VERSION = 4.0;
			};
			name = Distribution;
		};
		60770417135696090085464F /* Distribution */ = {
			isa = XCBuildConfiguration;
			baseConfigurationReference = E1713432848AF9D41A8C2F34 /* Pods-climbingweather.distribution.xcconfig */;
			buildSettings = {
				ALWAYS_EMBED_SWIFT_STANDARD_LIBRARIES = YES;
				ALWAYS_SEARCH_USER_PATHS = NO;
				ASSETCATALOG_COMPILER_APPICON_NAME = AppIcon;
				CLANG_ENABLE_MODULES = YES;
				CLANG_ENABLE_OBJC_ARC = YES;
				CODE_SIGN_ENTITLEMENTS = Entitlements.plist;
				CODE_SIGN_IDENTITY = "iPhone Distribution";
				"CODE_SIGN_IDENTITY[sdk=iphoneos*]" = "iPhone Distribution";
				COPY_PHASE_STRIP = YES;
				CURRENT_PROJECT_VERSION = 202004151736;
				DEVELOPMENT_TEAM = 5QHC9PP5E3;
				GCC_PRECOMPILE_PREFIX_HEADER = YES;
				GCC_PREFIX_HEADER = climbingweather_Prefix.pch;
				INFOPLIST_FILE = "climbingweather-Info.plist";
				IPHONEOS_DEPLOYMENT_TARGET = 10.0;
				LD_RUNPATH_SEARCH_PATHS = "$(inherited) @executable_path/Frameworks";
				MARKETING_VERSION = 1.6;
				PRODUCT_BUNDLE_IDENTIFIER = com.climbingweather.cw;
				PRODUCT_NAME = ClimbingWeather;
				PROVISIONING_PROFILE = "0a1b198d-66ef-47bf-839d-aa9186ef75a7";
				"PROVISIONING_PROFILE[sdk=iphoneos*]" = "";
				PROVISIONING_PROFILE_SPECIFIER = "match AppStore com.climbingweather.cw";
				SWIFT_OBJC_BRIDGING_HEADER = "Classes/climbingweather-Bridging-Header.h";
				SWIFT_SWIFT3_OBJC_INFERENCE = Default;
				SWIFT_VERSION = 5.0;
				TARGETED_DEVICE_FAMILY = 1;
				VALIDATE_PRODUCT = YES;
			};
			name = Distribution;
		};
		C01FCF4F08A954540054247B /* Debug */ = {
			isa = XCBuildConfiguration;
			buildSettings = {
				CLANG_ANALYZER_LOCALIZABILITY_NONLOCALIZED = YES;
				CLANG_WARN_BLOCK_CAPTURE_AUTORELEASING = YES;
				CLANG_WARN_BOOL_CONVERSION = YES;
				CLANG_WARN_COMMA = YES;
				CLANG_WARN_CONSTANT_CONVERSION = YES;
				CLANG_WARN_DEPRECATED_OBJC_IMPLEMENTATIONS = YES;
				CLANG_WARN_EMPTY_BODY = YES;
				CLANG_WARN_ENUM_CONVERSION = YES;
				CLANG_WARN_INFINITE_RECURSION = YES;
				CLANG_WARN_INT_CONVERSION = YES;
				CLANG_WARN_NON_LITERAL_NULL_CONVERSION = YES;
				CLANG_WARN_OBJC_IMPLICIT_RETAIN_SELF = YES;
				CLANG_WARN_OBJC_LITERAL_CONVERSION = YES;
				CLANG_WARN_RANGE_LOOP_ANALYSIS = YES;
				CLANG_WARN_STRICT_PROTOTYPES = YES;
				CLANG_WARN_SUSPICIOUS_MOVE = YES;
				CLANG_WARN_UNREACHABLE_CODE = YES;
				CLANG_WARN__DUPLICATE_METHOD_MATCH = YES;
				CODE_SIGN_IDENTITY = "iPhone Developer";
				"CODE_SIGN_IDENTITY[sdk=iphoneos*]" = "iPhone Developer";
				ENABLE_STRICT_OBJC_MSGSEND = YES;
				ENABLE_TESTABILITY = YES;
				GCC_C_LANGUAGE_STANDARD = c99;
				GCC_NO_COMMON_BLOCKS = YES;
				GCC_WARN_64_TO_32_BIT_CONVERSION = YES;
				GCC_WARN_ABOUT_RETURN_TYPE = YES;
				GCC_WARN_UNDECLARED_SELECTOR = YES;
				GCC_WARN_UNINITIALIZED_AUTOS = YES;
				GCC_WARN_UNUSED_FUNCTION = YES;
				GCC_WARN_UNUSED_VARIABLE = YES;
				ONLY_ACTIVE_ARCH = YES;
				SDKROOT = iphoneos;
				SWIFT_VERSION = 4.0;
			};
			name = Debug;
		};
		C01FCF5008A954540054247B /* Release */ = {
			isa = XCBuildConfiguration;
			buildSettings = {
				CLANG_ANALYZER_LOCALIZABILITY_NONLOCALIZED = YES;
				CLANG_WARN_BLOCK_CAPTURE_AUTORELEASING = YES;
				CLANG_WARN_BOOL_CONVERSION = YES;
				CLANG_WARN_COMMA = YES;
				CLANG_WARN_CONSTANT_CONVERSION = YES;
				CLANG_WARN_DEPRECATED_OBJC_IMPLEMENTATIONS = YES;
				CLANG_WARN_EMPTY_BODY = YES;
				CLANG_WARN_ENUM_CONVERSION = YES;
				CLANG_WARN_INFINITE_RECURSION = YES;
				CLANG_WARN_INT_CONVERSION = YES;
				CLANG_WARN_NON_LITERAL_NULL_CONVERSION = YES;
				CLANG_WARN_OBJC_IMPLICIT_RETAIN_SELF = YES;
				CLANG_WARN_OBJC_LITERAL_CONVERSION = YES;
				CLANG_WARN_RANGE_LOOP_ANALYSIS = YES;
				CLANG_WARN_STRICT_PROTOTYPES = YES;
				CLANG_WARN_SUSPICIOUS_MOVE = YES;
				CLANG_WARN_UNREACHABLE_CODE = YES;
				CLANG_WARN__DUPLICATE_METHOD_MATCH = YES;
				CODE_SIGN_IDENTITY = "iPhone Distribution";
				"CODE_SIGN_IDENTITY[sdk=iphoneos*]" = "iPhone Distribution";
				ENABLE_STRICT_OBJC_MSGSEND = YES;
				GCC_C_LANGUAGE_STANDARD = c99;
				GCC_NO_COMMON_BLOCKS = YES;
				GCC_WARN_64_TO_32_BIT_CONVERSION = YES;
				GCC_WARN_ABOUT_RETURN_TYPE = YES;
				GCC_WARN_UNDECLARED_SELECTOR = YES;
				GCC_WARN_UNINITIALIZED_AUTOS = YES;
				GCC_WARN_UNUSED_FUNCTION = YES;
				GCC_WARN_UNUSED_VARIABLE = YES;
				OTHER_CFLAGS = "-DNS_BLOCK_ASSERTIONS=1";
				"PROVISIONING_PROFILE[sdk=iphoneos*]" = "";
				SDKROOT = iphoneos;
				SWIFT_OPTIMIZATION_LEVEL = "-Owholemodule";
				SWIFT_VERSION = 4.0;
			};
			name = Release;
		};
/* End XCBuildConfiguration section */

/* Begin XCConfigurationList section */
		1D6058960D05DD3E006BFB54 /* Build configuration list for PBXNativeTarget "climbingweather" */ = {
			isa = XCConfigurationList;
			buildConfigurations = (
				1D6058940D05DD3E006BFB54 /* Debug */,
				1D6058950D05DD3E006BFB54 /* Release */,
				60770417135696090085464F /* Distribution */,
			);
			defaultConfigurationIsVisible = 0;
			defaultConfigurationName = Release;
		};
		6053B5F61E452DF900798BC1 /* Build configuration list for PBXNativeTarget "ClimbWeatherTests" */ = {
			isa = XCConfigurationList;
			buildConfigurations = (
				6053B5F71E452DF900798BC1 /* Debug */,
				6053B5F81E452DF900798BC1 /* Release */,
				6053B5F91E452DF900798BC1 /* Distribution */,
			);
			defaultConfigurationIsVisible = 0;
			defaultConfigurationName = Release;
		};
		C01FCF4E08A954540054247B /* Build configuration list for PBXProject "climbingweather" */ = {
			isa = XCConfigurationList;
			buildConfigurations = (
				C01FCF4F08A954540054247B /* Debug */,
				C01FCF5008A954540054247B /* Release */,
				60770416135696090085464F /* Distribution */,
			);
			defaultConfigurationIsVisible = 0;
			defaultConfigurationName = Release;
		};
/* End XCConfigurationList section */
	};
	rootObject = 29B97313FDCFA39411CA2CEA /* Project object */;
}
