// !$*UTF8*$!
{
	archiveVersion = 1;
	classes = {
	};
	objectVersion = 45;
	objects = {

/* Begin PBXBuildFile section */
		1D3623260D0F684500981E51 /* climbingweatherAppDelegate.m in Sources */ = {isa = PBXBuildFile; fileRef = 1D3623250D0F684500981E51 /* climbingweatherAppDelegate.m */; };
		1D60589B0D05DD56006BFB54 /* main.m in Sources */ = {isa = PBXBuildFile; fileRef = 29B97316FDCFA39411CA2CEA /* main.m */; };
		1D60589F0D05DD5A006BFB54 /* Foundation.framework in Frameworks */ = {isa = PBXBuildFile; fileRef = 1D30AB110D05D00D00671497 /* Foundation.framework */; };
		1DF5F4E00D08C38300B7A737 /* UIKit.framework in Frameworks */ = {isa = PBXBuildFile; fileRef = 1DF5F4DF0D08C38300B7A737 /* UIKit.framework */; };
		2892E4100DC94CBA00A64D0F /* CoreGraphics.framework in Frameworks */ = {isa = PBXBuildFile; fileRef = 2892E40F0DC94CBA00A64D0F /* CoreGraphics.framework */; };
		28AD73600D9D9599002E5188 /* MainWindow.xib in Resources */ = {isa = PBXBuildFile; fileRef = 28AD735F0D9D9599002E5188 /* MainWindow.xib */; };
		608A50C812E33CCD003BCB84 /* HomeViewController.m in Sources */ = {isa = PBXBuildFile; fileRef = 608A50C612E33CCD003BCB84 /* HomeViewController.m */; };
		608A50C912E33CCD003BCB84 /* HomeViewController.xib in Resources */ = {isa = PBXBuildFile; fileRef = 608A50C712E33CCD003BCB84 /* HomeViewController.xib */; };
		608A50DF12E33CF5003BCB84 /* NearbyViewController.m in Sources */ = {isa = PBXBuildFile; fileRef = 608A50DD12E33CF5003BCB84 /* NearbyViewController.m */; };
		608A50E012E33CF5003BCB84 /* NearbyViewController.xib in Resources */ = {isa = PBXBuildFile; fileRef = 608A50DE12E33CF5003BCB84 /* NearbyViewController.xib */; };
		608A511612E34061003BCB84 /* StatesViewController.m in Sources */ = {isa = PBXBuildFile; fileRef = 608A511412E34061003BCB84 /* StatesViewController.m */; };
		608A511712E34061003BCB84 /* StatesViewController.xib in Resources */ = {isa = PBXBuildFile; fileRef = 608A511512E34061003BCB84 /* StatesViewController.xib */; };
		608A54A712E38A6E003BCB84 /* NSObject+SBJSON.m in Sources */ = {isa = PBXBuildFile; fileRef = 608A549E12E38A6E003BCB84 /* NSObject+SBJSON.m */; };
		608A54A812E38A6E003BCB84 /* NSString+SBJSON.m in Sources */ = {isa = PBXBuildFile; fileRef = 608A54A012E38A6E003BCB84 /* NSString+SBJSON.m */; };
		608A54A912E38A6E003BCB84 /* SBJsonBase.m in Sources */ = {isa = PBXBuildFile; fileRef = 608A54A212E38A6E003BCB84 /* SBJsonBase.m */; };
		608A54AA12E38A6E003BCB84 /* SBJsonParser.m in Sources */ = {isa = PBXBuildFile; fileRef = 608A54A412E38A6E003BCB84 /* SBJsonParser.m */; };
		608A54AB12E38A6E003BCB84 /* SBJsonWriter.m in Sources */ = {isa = PBXBuildFile; fileRef = 608A54A612E38A6E003BCB84 /* SBJsonWriter.m */; };
		608A550512E52FDD003BCB84 /* AreasViewController.m in Sources */ = {isa = PBXBuildFile; fileRef = 608A550312E52FDD003BCB84 /* AreasViewController.m */; };
		608A550612E52FDD003BCB84 /* AreasViewController.xib in Resources */ = {isa = PBXBuildFile; fileRef = 608A550412E52FDD003BCB84 /* AreasViewController.xib */; };
		608A551A12E532F2003BCB84 /* MyManager.m in Sources */ = {isa = PBXBuildFile; fileRef = 608A551912E532F2003BCB84 /* MyManager.m */; };
		608A560512E7C9F3003BCB84 /* AreaDailyViewController.m in Sources */ = {isa = PBXBuildFile; fileRef = 608A560312E7C9F3003BCB84 /* AreaDailyViewController.m */; };
		608A560612E7C9F3003BCB84 /* AreaDailyViewController.xib in Resources */ = {isa = PBXBuildFile; fileRef = 608A560412E7C9F3003BCB84 /* AreaDailyViewController.xib */; };
		608A562D12E7CEF7003BCB84 /* AreaTabBarController.m in Sources */ = {isa = PBXBuildFile; fileRef = 608A562C12E7CEF7003BCB84 /* AreaTabBarController.m */; };
		608A566312E7D551003BCB84 /* AreaHourlyViewController.m in Sources */ = {isa = PBXBuildFile; fileRef = 608A566112E7D551003BCB84 /* AreaHourlyViewController.m */; };
		608A566412E7D551003BCB84 /* AreaHourlyViewController.xib in Resources */ = {isa = PBXBuildFile; fileRef = 608A566212E7D551003BCB84 /* AreaHourlyViewController.xib */; };
		608A566C12E7D567003BCB84 /* AreaMapViewController.m in Sources */ = {isa = PBXBuildFile; fileRef = 608A566A12E7D567003BCB84 /* AreaMapViewController.m */; };
		608A566D12E7D567003BCB84 /* AreaMapViewController.xib in Resources */ = {isa = PBXBuildFile; fileRef = 608A566B12E7D567003BCB84 /* AreaMapViewController.xib */; };
		608A56AD12E91B5E003BCB84 /* logo_top_center.png in Resources */ = {isa = PBXBuildFile; fileRef = 608A56AC12E91B5E003BCB84 /* logo_top_center.png */; };
		608A56B812E91DC8003BCB84 /* ic_menu_home.png in Resources */ = {isa = PBXBuildFile; fileRef = 608A56B712E91DC8003BCB84 /* ic_menu_home.png */; };
		608A56C912E92003003BCB84 /* FavoritesViewController.m in Sources */ = {isa = PBXBuildFile; fileRef = 608A56C712E92003003BCB84 /* FavoritesViewController.m */; };
		608A56CA12E92003003BCB84 /* FavoritesViewController.xib in Resources */ = {isa = PBXBuildFile; fileRef = 608A56C812E92003003BCB84 /* FavoritesViewController.xib */; };
		608A56CC12E920F7003BCB84 /* btn_star_big_on.png in Resources */ = {isa = PBXBuildFile; fileRef = 608A56CB12E920F7003BCB84 /* btn_star_big_on.png */; };
		608A56D812E921F7003BCB84 /* ic_menu_mylocation.png in Resources */ = {isa = PBXBuildFile; fileRef = 608A56D712E921F7003BCB84 /* ic_menu_mylocation.png */; };
		608A56F212E92344003BCB84 /* ic_menu_mapmode.png in Resources */ = {isa = PBXBuildFile; fileRef = 608A56F112E92344003BCB84 /* ic_menu_mapmode.png */; };
		608A56F912E9239B003BCB84 /* ic_menu_search.png in Resources */ = {isa = PBXBuildFile; fileRef = 608A56F812E9239B003BCB84 /* ic_menu_search.png */; };
		608A56FD12E923AA003BCB84 /* SearchViewController.m in Sources */ = {isa = PBXBuildFile; fileRef = 608A56FB12E923AA003BCB84 /* SearchViewController.m */; };
		608A56FE12E923AA003BCB84 /* SearchViewController.xib in Resources */ = {isa = PBXBuildFile; fileRef = 608A56FC12E923AA003BCB84 /* SearchViewController.xib */; };
/* End PBXBuildFile section */

/* Begin PBXFileReference section */
		1D30AB110D05D00D00671497 /* Foundation.framework */ = {isa = PBXFileReference; lastKnownFileType = wrapper.framework; name = Foundation.framework; path = System/Library/Frameworks/Foundation.framework; sourceTree = SDKROOT; };
		1D3623240D0F684500981E51 /* climbingweatherAppDelegate.h */ = {isa = PBXFileReference; fileEncoding = 4; lastKnownFileType = sourcecode.c.h; path = climbingweatherAppDelegate.h; sourceTree = "<group>"; };
		1D3623250D0F684500981E51 /* climbingweatherAppDelegate.m */ = {isa = PBXFileReference; fileEncoding = 4; lastKnownFileType = sourcecode.c.objc; path = climbingweatherAppDelegate.m; sourceTree = "<group>"; };
		1D6058910D05DD3D006BFB54 /* climbingweather.app */ = {isa = PBXFileReference; explicitFileType = wrapper.application; includeInIndex = 0; path = climbingweather.app; sourceTree = BUILT_PRODUCTS_DIR; };
		1DF5F4DF0D08C38300B7A737 /* UIKit.framework */ = {isa = PBXFileReference; lastKnownFileType = wrapper.framework; name = UIKit.framework; path = System/Library/Frameworks/UIKit.framework; sourceTree = SDKROOT; };
		2892E40F0DC94CBA00A64D0F /* CoreGraphics.framework */ = {isa = PBXFileReference; lastKnownFileType = wrapper.framework; name = CoreGraphics.framework; path = System/Library/Frameworks/CoreGraphics.framework; sourceTree = SDKROOT; };
		28A0AAE50D9B0CCF005BE974 /* climbingweather_Prefix.pch */ = {isa = PBXFileReference; fileEncoding = 4; lastKnownFileType = sourcecode.c.h; path = climbingweather_Prefix.pch; sourceTree = "<group>"; };
		28AD735F0D9D9599002E5188 /* MainWindow.xib */ = {isa = PBXFileReference; lastKnownFileType = file.xib; path = MainWindow.xib; sourceTree = "<group>"; };
		29B97316FDCFA39411CA2CEA /* main.m */ = {isa = PBXFileReference; fileEncoding = 4; lastKnownFileType = sourcecode.c.objc; path = main.m; sourceTree = "<group>"; };
		608A50C512E33CCD003BCB84 /* HomeViewController.h */ = {isa = PBXFileReference; fileEncoding = 4; lastKnownFileType = sourcecode.c.h; path = HomeViewController.h; sourceTree = "<group>"; };
		608A50C612E33CCD003BCB84 /* HomeViewController.m */ = {isa = PBXFileReference; fileEncoding = 4; lastKnownFileType = sourcecode.c.objc; path = HomeViewController.m; sourceTree = "<group>"; };
		608A50C712E33CCD003BCB84 /* HomeViewController.xib */ = {isa = PBXFileReference; lastKnownFileType = file.xib; name = HomeViewController.xib; path = Classes/HomeViewController.xib; sourceTree = "<group>"; };
		608A50DC12E33CF5003BCB84 /* NearbyViewController.h */ = {isa = PBXFileReference; fileEncoding = 4; lastKnownFileType = sourcecode.c.h; path = NearbyViewController.h; sourceTree = "<group>"; };
		608A50DD12E33CF5003BCB84 /* NearbyViewController.m */ = {isa = PBXFileReference; fileEncoding = 4; lastKnownFileType = sourcecode.c.objc; path = NearbyViewController.m; sourceTree = "<group>"; };
		608A50DE12E33CF5003BCB84 /* NearbyViewController.xib */ = {isa = PBXFileReference; lastKnownFileType = file.xib; name = NearbyViewController.xib; path = Classes/NearbyViewController.xib; sourceTree = "<group>"; };
		608A511312E34061003BCB84 /* StatesViewController.h */ = {isa = PBXFileReference; fileEncoding = 4; lastKnownFileType = sourcecode.c.h; path = StatesViewController.h; sourceTree = "<group>"; };
		608A511412E34061003BCB84 /* StatesViewController.m */ = {isa = PBXFileReference; fileEncoding = 4; lastKnownFileType = sourcecode.c.objc; path = StatesViewController.m; sourceTree = "<group>"; };
		608A511512E34061003BCB84 /* StatesViewController.xib */ = {isa = PBXFileReference; lastKnownFileType = file.xib; name = StatesViewController.xib; path = Classes/StatesViewController.xib; sourceTree = "<group>"; };
		608A51A512E38973003BCB84 /* Downloads */ = {isa = PBXFileReference; lastKnownFileType = folder; name = Downloads; path = /Users/jonstjohn/Downloads; sourceTree = "<absolute>"; };
		608A549C12E38A6E003BCB84 /* JSON.h */ = {isa = PBXFileReference; fileEncoding = 4; lastKnownFileType = sourcecode.c.h; path = JSON.h; sourceTree = "<group>"; };
		608A549D12E38A6E003BCB84 /* NSObject+SBJSON.h */ = {isa = PBXFileReference; fileEncoding = 4; lastKnownFileType = sourcecode.c.h; path = "NSObject+SBJSON.h"; sourceTree = "<group>"; };
		608A549E12E38A6E003BCB84 /* NSObject+SBJSON.m */ = {isa = PBXFileReference; fileEncoding = 4; lastKnownFileType = sourcecode.c.objc; path = "NSObject+SBJSON.m"; sourceTree = "<group>"; };
		608A549F12E38A6E003BCB84 /* NSString+SBJSON.h */ = {isa = PBXFileReference; fileEncoding = 4; lastKnownFileType = sourcecode.c.h; path = "NSString+SBJSON.h"; sourceTree = "<group>"; };
		608A54A012E38A6E003BCB84 /* NSString+SBJSON.m */ = {isa = PBXFileReference; fileEncoding = 4; lastKnownFileType = sourcecode.c.objc; path = "NSString+SBJSON.m"; sourceTree = "<group>"; };
		608A54A112E38A6E003BCB84 /* SBJsonBase.h */ = {isa = PBXFileReference; fileEncoding = 4; lastKnownFileType = sourcecode.c.h; path = SBJsonBase.h; sourceTree = "<group>"; };
		608A54A212E38A6E003BCB84 /* SBJsonBase.m */ = {isa = PBXFileReference; fileEncoding = 4; lastKnownFileType = sourcecode.c.objc; path = SBJsonBase.m; sourceTree = "<group>"; };
		608A54A312E38A6E003BCB84 /* SBJsonParser.h */ = {isa = PBXFileReference; fileEncoding = 4; lastKnownFileType = sourcecode.c.h; path = SBJsonParser.h; sourceTree = "<group>"; };
		608A54A412E38A6E003BCB84 /* SBJsonParser.m */ = {isa = PBXFileReference; fileEncoding = 4; lastKnownFileType = sourcecode.c.objc; path = SBJsonParser.m; sourceTree = "<group>"; };
		608A54A512E38A6E003BCB84 /* SBJsonWriter.h */ = {isa = PBXFileReference; fileEncoding = 4; lastKnownFileType = sourcecode.c.h; path = SBJsonWriter.h; sourceTree = "<group>"; };
		608A54A612E38A6E003BCB84 /* SBJsonWriter.m */ = {isa = PBXFileReference; fileEncoding = 4; lastKnownFileType = sourcecode.c.objc; path = SBJsonWriter.m; sourceTree = "<group>"; };
		608A550212E52FDD003BCB84 /* AreasViewController.h */ = {isa = PBXFileReference; fileEncoding = 4; lastKnownFileType = sourcecode.c.h; path = AreasViewController.h; sourceTree = "<group>"; };
		608A550312E52FDD003BCB84 /* AreasViewController.m */ = {isa = PBXFileReference; fileEncoding = 4; lastKnownFileType = sourcecode.c.objc; path = AreasViewController.m; sourceTree = "<group>"; };
		608A550412E52FDD003BCB84 /* AreasViewController.xib */ = {isa = PBXFileReference; lastKnownFileType = file.xib; name = AreasViewController.xib; path = Classes/AreasViewController.xib; sourceTree = "<group>"; };
		608A551812E532F2003BCB84 /* MyManager.h */ = {isa = PBXFileReference; fileEncoding = 4; lastKnownFileType = sourcecode.c.h; path = MyManager.h; sourceTree = "<group>"; };
		608A551912E532F2003BCB84 /* MyManager.m */ = {isa = PBXFileReference; fileEncoding = 4; lastKnownFileType = sourcecode.c.objc; path = MyManager.m; sourceTree = "<group>"; };
		608A560212E7C9F3003BCB84 /* AreaDailyViewController.h */ = {isa = PBXFileReference; fileEncoding = 4; lastKnownFileType = sourcecode.c.h; path = AreaDailyViewController.h; sourceTree = "<group>"; };
		608A560312E7C9F3003BCB84 /* AreaDailyViewController.m */ = {isa = PBXFileReference; fileEncoding = 4; lastKnownFileType = sourcecode.c.objc; path = AreaDailyViewController.m; sourceTree = "<group>"; };
		608A560412E7C9F3003BCB84 /* AreaDailyViewController.xib */ = {isa = PBXFileReference; lastKnownFileType = file.xib; name = AreaDailyViewController.xib; path = Classes/AreaDailyViewController.xib; sourceTree = "<group>"; };
		608A562B12E7CEF7003BCB84 /* AreaTabBarController.h */ = {isa = PBXFileReference; fileEncoding = 4; lastKnownFileType = sourcecode.c.h; path = AreaTabBarController.h; sourceTree = "<group>"; };
		608A562C12E7CEF7003BCB84 /* AreaTabBarController.m */ = {isa = PBXFileReference; fileEncoding = 4; lastKnownFileType = sourcecode.c.objc; path = AreaTabBarController.m; sourceTree = "<group>"; };
		608A566012E7D551003BCB84 /* AreaHourlyViewController.h */ = {isa = PBXFileReference; fileEncoding = 4; lastKnownFileType = sourcecode.c.h; path = AreaHourlyViewController.h; sourceTree = "<group>"; };
		608A566112E7D551003BCB84 /* AreaHourlyViewController.m */ = {isa = PBXFileReference; fileEncoding = 4; lastKnownFileType = sourcecode.c.objc; path = AreaHourlyViewController.m; sourceTree = "<group>"; };
		608A566212E7D551003BCB84 /* AreaHourlyViewController.xib */ = {isa = PBXFileReference; lastKnownFileType = file.xib; name = AreaHourlyViewController.xib; path = Classes/AreaHourlyViewController.xib; sourceTree = "<group>"; };
		608A566912E7D567003BCB84 /* AreaMapViewController.h */ = {isa = PBXFileReference; fileEncoding = 4; lastKnownFileType = sourcecode.c.h; name = AreaMapViewController.h; path = ../AreaMapViewController.h; sourceTree = "<group>"; };
		608A566A12E7D567003BCB84 /* AreaMapViewController.m */ = {isa = PBXFileReference; fileEncoding = 4; lastKnownFileType = sourcecode.c.objc; name = AreaMapViewController.m; path = ../AreaMapViewController.m; sourceTree = "<group>"; };
		608A566B12E7D567003BCB84 /* AreaMapViewController.xib */ = {isa = PBXFileReference; lastKnownFileType = file.xib; path = AreaMapViewController.xib; sourceTree = "<group>"; };
		608A56AC12E91B5E003BCB84 /* logo_top_center.png */ = {isa = PBXFileReference; lastKnownFileType = image.png; path = logo_top_center.png; sourceTree = "<group>"; };
		608A56B712E91DC8003BCB84 /* ic_menu_home.png */ = {isa = PBXFileReference; lastKnownFileType = image.png; path = ic_menu_home.png; sourceTree = "<group>"; };
		608A56C612E92003003BCB84 /* FavoritesViewController.h */ = {isa = PBXFileReference; fileEncoding = 4; lastKnownFileType = sourcecode.c.h; path = FavoritesViewController.h; sourceTree = "<group>"; };
		608A56C712E92003003BCB84 /* FavoritesViewController.m */ = {isa = PBXFileReference; fileEncoding = 4; lastKnownFileType = sourcecode.c.objc; path = FavoritesViewController.m; sourceTree = "<group>"; };
		608A56C812E92003003BCB84 /* FavoritesViewController.xib */ = {isa = PBXFileReference; lastKnownFileType = file.xib; name = FavoritesViewController.xib; path = Classes/FavoritesViewController.xib; sourceTree = "<group>"; };
		608A56CB12E920F7003BCB84 /* btn_star_big_on.png */ = {isa = PBXFileReference; lastKnownFileType = image.png; path = btn_star_big_on.png; sourceTree = "<group>"; };
		608A56D712E921F7003BCB84 /* ic_menu_mylocation.png */ = {isa = PBXFileReference; lastKnownFileType = image.png; path = ic_menu_mylocation.png; sourceTree = "<group>"; };
		608A56F112E92344003BCB84 /* ic_menu_mapmode.png */ = {isa = PBXFileReference; lastKnownFileType = image.png; path = ic_menu_mapmode.png; sourceTree = "<group>"; };
		608A56F812E9239B003BCB84 /* ic_menu_search.png */ = {isa = PBXFileReference; lastKnownFileType = image.png; path = ic_menu_search.png; sourceTree = "<group>"; };
		608A56FA12E923AA003BCB84 /* SearchViewController.h */ = {isa = PBXFileReference; fileEncoding = 4; lastKnownFileType = sourcecode.c.h; path = SearchViewController.h; sourceTree = "<group>"; };
		608A56FB12E923AA003BCB84 /* SearchViewController.m */ = {isa = PBXFileReference; fileEncoding = 4; lastKnownFileType = sourcecode.c.objc; path = SearchViewController.m; sourceTree = "<group>"; };
		608A56FC12E923AA003BCB84 /* SearchViewController.xib */ = {isa = PBXFileReference; lastKnownFileType = file.xib; name = SearchViewController.xib; path = Classes/SearchViewController.xib; sourceTree = "<group>"; };
		8D1107310486CEB800E47090 /* climbingweather-Info.plist */ = {isa = PBXFileReference; fileEncoding = 4; lastKnownFileType = text.plist.xml; path = "climbingweather-Info.plist"; plistStructureDefinitionIdentifier = "com.apple.xcode.plist.structure-definition.iphone.info-plist"; sourceTree = "<group>"; };
/* End PBXFileReference section */

/* Begin PBXFrameworksBuildPhase section */
		1D60588F0D05DD3D006BFB54 /* Frameworks */ = {
			isa = PBXFrameworksBuildPhase;
			buildActionMask = 2147483647;
			files = (
				1D60589F0D05DD5A006BFB54 /* Foundation.framework in Frameworks */,
				1DF5F4E00D08C38300B7A737 /* UIKit.framework in Frameworks */,
				2892E4100DC94CBA00A64D0F /* CoreGraphics.framework in Frameworks */,
			);
			runOnlyForDeploymentPostprocessing = 0;
		};
/* End PBXFrameworksBuildPhase section */

/* Begin PBXGroup section */
		080E96DDFE201D6D7F000001 /* Classes */ = {
			isa = PBXGroup;
			children = (
				608A549C12E38A6E003BCB84 /* JSON.h */,
				608A549D12E38A6E003BCB84 /* NSObject+SBJSON.h */,
				608A549E12E38A6E003BCB84 /* NSObject+SBJSON.m */,
				608A549F12E38A6E003BCB84 /* NSString+SBJSON.h */,
				608A54A012E38A6E003BCB84 /* NSString+SBJSON.m */,
				608A54A112E38A6E003BCB84 /* SBJsonBase.h */,
				608A54A212E38A6E003BCB84 /* SBJsonBase.m */,
				608A54A312E38A6E003BCB84 /* SBJsonParser.h */,
				608A54A412E38A6E003BCB84 /* SBJsonParser.m */,
				608A54A512E38A6E003BCB84 /* SBJsonWriter.h */,
				608A54A612E38A6E003BCB84 /* SBJsonWriter.m */,
				1D3623240D0F684500981E51 /* climbingweatherAppDelegate.h */,
				1D3623250D0F684500981E51 /* climbingweatherAppDelegate.m */,
				608A50C512E33CCD003BCB84 /* HomeViewController.h */,
				608A50C612E33CCD003BCB84 /* HomeViewController.m */,
				608A50DC12E33CF5003BCB84 /* NearbyViewController.h */,
				608A50DD12E33CF5003BCB84 /* NearbyViewController.m */,
				608A511312E34061003BCB84 /* StatesViewController.h */,
				608A511412E34061003BCB84 /* StatesViewController.m */,
				608A550212E52FDD003BCB84 /* AreasViewController.h */,
				608A550312E52FDD003BCB84 /* AreasViewController.m */,
				608A551812E532F2003BCB84 /* MyManager.h */,
				608A551912E532F2003BCB84 /* MyManager.m */,
				608A560212E7C9F3003BCB84 /* AreaDailyViewController.h */,
				608A560312E7C9F3003BCB84 /* AreaDailyViewController.m */,
				608A566912E7D567003BCB84 /* AreaMapViewController.h */,
				608A566A12E7D567003BCB84 /* AreaMapViewController.m */,
				608A562B12E7CEF7003BCB84 /* AreaTabBarController.h */,
				608A562C12E7CEF7003BCB84 /* AreaTabBarController.m */,
				608A566012E7D551003BCB84 /* AreaHourlyViewController.h */,
				608A566112E7D551003BCB84 /* AreaHourlyViewController.m */,
				608A56C612E92003003BCB84 /* FavoritesViewController.h */,
				608A56C712E92003003BCB84 /* FavoritesViewController.m */,
				608A56FA12E923AA003BCB84 /* SearchViewController.h */,
				608A56FB12E923AA003BCB84 /* SearchViewController.m */,
			);
			path = Classes;
			sourceTree = "<group>";
		};
		19C28FACFE9D520D11CA2CBB /* Products */ = {
			isa = PBXGroup;
			children = (
				1D6058910D05DD3D006BFB54 /* climbingweather.app */,
			);
			name = Products;
			sourceTree = "<group>";
		};
		29B97314FDCFA39411CA2CEA /* CustomTemplate */ = {
			isa = PBXGroup;
			children = (
				080E96DDFE201D6D7F000001 /* Classes */,
				29B97315FDCFA39411CA2CEA /* Other Sources */,
				29B97317FDCFA39411CA2CEA /* Resources */,
				29B97323FDCFA39411CA2CEA /* Frameworks */,
				19C28FACFE9D520D11CA2CBB /* Products */,
				608A51A512E38973003BCB84 /* Downloads */,
			);
			name = CustomTemplate;
			sourceTree = "<group>";
		};
		29B97315FDCFA39411CA2CEA /* Other Sources */ = {
			isa = PBXGroup;
			children = (
				28A0AAE50D9B0CCF005BE974 /* climbingweather_Prefix.pch */,
				29B97316FDCFA39411CA2CEA /* main.m */,
			);
			name = "Other Sources";
			sourceTree = "<group>";
		};
		29B97317FDCFA39411CA2CEA /* Resources */ = {
			isa = PBXGroup;
			children = (
				608A56FC12E923AA003BCB84 /* SearchViewController.xib */,
				608A56F812E9239B003BCB84 /* ic_menu_search.png */,
				608A56F112E92344003BCB84 /* ic_menu_mapmode.png */,
				608A56D712E921F7003BCB84 /* ic_menu_mylocation.png */,
				608A56CB12E920F7003BCB84 /* btn_star_big_on.png */,
				608A56C812E92003003BCB84 /* FavoritesViewController.xib */,
				608A56B712E91DC8003BCB84 /* ic_menu_home.png */,
				608A56AC12E91B5E003BCB84 /* logo_top_center.png */,
				608A566212E7D551003BCB84 /* AreaHourlyViewController.xib */,
				608A566B12E7D567003BCB84 /* AreaMapViewController.xib */,
				608A560412E7C9F3003BCB84 /* AreaDailyViewController.xib */,
				608A550412E52FDD003BCB84 /* AreasViewController.xib */,
				608A511512E34061003BCB84 /* StatesViewController.xib */,
				608A50C712E33CCD003BCB84 /* HomeViewController.xib */,
				608A50DE12E33CF5003BCB84 /* NearbyViewController.xib */,
				28AD735F0D9D9599002E5188 /* MainWindow.xib */,
				8D1107310486CEB800E47090 /* climbingweather-Info.plist */,
			);
			name = Resources;
			sourceTree = "<group>";
		};
		29B97323FDCFA39411CA2CEA /* Frameworks */ = {
			isa = PBXGroup;
			children = (
				1DF5F4DF0D08C38300B7A737 /* UIKit.framework */,
				1D30AB110D05D00D00671497 /* Foundation.framework */,
				2892E40F0DC94CBA00A64D0F /* CoreGraphics.framework */,
			);
			name = Frameworks;
			sourceTree = "<group>";
		};
/* End PBXGroup section */

/* Begin PBXNativeTarget section */
		1D6058900D05DD3D006BFB54 /* climbingweather */ = {
			isa = PBXNativeTarget;
			buildConfigurationList = 1D6058960D05DD3E006BFB54 /* Build configuration list for PBXNativeTarget "climbingweather" */;
			buildPhases = (
				1D60588D0D05DD3D006BFB54 /* Resources */,
				1D60588E0D05DD3D006BFB54 /* Sources */,
				1D60588F0D05DD3D006BFB54 /* Frameworks */,
			);
			buildRules = (
			);
			dependencies = (
			);
			name = climbingweather;
			productName = climbingweather;
			productReference = 1D6058910D05DD3D006BFB54 /* climbingweather.app */;
			productType = "com.apple.product-type.application";
		};
/* End PBXNativeTarget section */

/* Begin PBXProject section */
		29B97313FDCFA39411CA2CEA /* Project object */ = {
			isa = PBXProject;
			buildConfigurationList = C01FCF4E08A954540054247B /* Build configuration list for PBXProject "climbingweather" */;
			compatibilityVersion = "Xcode 3.1";
			developmentRegion = English;
			hasScannedForEncodings = 1;
			knownRegions = (
				English,
				Japanese,
				French,
				German,
				en,
			);
			mainGroup = 29B97314FDCFA39411CA2CEA /* CustomTemplate */;
			projectDirPath = "";
			projectRoot = "";
			targets = (
				1D6058900D05DD3D006BFB54 /* climbingweather */,
			);
		};
/* End PBXProject section */

/* Begin PBXResourcesBuildPhase section */
		1D60588D0D05DD3D006BFB54 /* Resources */ = {
			isa = PBXResourcesBuildPhase;
			buildActionMask = 2147483647;
			files = (
				28AD73600D9D9599002E5188 /* MainWindow.xib in Resources */,
				608A50C912E33CCD003BCB84 /* HomeViewController.xib in Resources */,
				608A50E012E33CF5003BCB84 /* NearbyViewController.xib in Resources */,
				608A511712E34061003BCB84 /* StatesViewController.xib in Resources */,
				608A550612E52FDD003BCB84 /* AreasViewController.xib in Resources */,
				608A560612E7C9F3003BCB84 /* AreaDailyViewController.xib in Resources */,
				608A566412E7D551003BCB84 /* AreaHourlyViewController.xib in Resources */,
				608A566D12E7D567003BCB84 /* AreaMapViewController.xib in Resources */,
				608A56AD12E91B5E003BCB84 /* logo_top_center.png in Resources */,
				608A56B812E91DC8003BCB84 /* ic_menu_home.png in Resources */,
				608A56CA12E92003003BCB84 /* FavoritesViewController.xib in Resources */,
				608A56CC12E920F7003BCB84 /* btn_star_big_on.png in Resources */,
				608A56D812E921F7003BCB84 /* ic_menu_mylocation.png in Resources */,
				608A56F212E92344003BCB84 /* ic_menu_mapmode.png in Resources */,
				608A56F912E9239B003BCB84 /* ic_menu_search.png in Resources */,
				608A56FE12E923AA003BCB84 /* SearchViewController.xib in Resources */,
			);
			runOnlyForDeploymentPostprocessing = 0;
		};
/* End PBXResourcesBuildPhase section */

/* Begin PBXSourcesBuildPhase section */
		1D60588E0D05DD3D006BFB54 /* Sources */ = {
			isa = PBXSourcesBuildPhase;
			buildActionMask = 2147483647;
			files = (
				1D60589B0D05DD56006BFB54 /* main.m in Sources */,
				1D3623260D0F684500981E51 /* climbingweatherAppDelegate.m in Sources */,
				608A50C812E33CCD003BCB84 /* HomeViewController.m in Sources */,
				608A50DF12E33CF5003BCB84 /* NearbyViewController.m in Sources */,
				608A511612E34061003BCB84 /* StatesViewController.m in Sources */,
				608A54A712E38A6E003BCB84 /* NSObject+SBJSON.m in Sources */,
				608A54A812E38A6E003BCB84 /* NSString+SBJSON.m in Sources */,
				608A54A912E38A6E003BCB84 /* SBJsonBase.m in Sources */,
				608A54AA12E38A6E003BCB84 /* SBJsonParser.m in Sources */,
				608A54AB12E38A6E003BCB84 /* SBJsonWriter.m in Sources */,
				608A550512E52FDD003BCB84 /* AreasViewController.m in Sources */,
				608A551A12E532F2003BCB84 /* MyManager.m in Sources */,
				608A560512E7C9F3003BCB84 /* AreaDailyViewController.m in Sources */,
				608A562D12E7CEF7003BCB84 /* AreaTabBarController.m in Sources */,
				608A566312E7D551003BCB84 /* AreaHourlyViewController.m in Sources */,
				608A566C12E7D567003BCB84 /* AreaMapViewController.m in Sources */,
				608A56C912E92003003BCB84 /* FavoritesViewController.m in Sources */,
				608A56FD12E923AA003BCB84 /* SearchViewController.m in Sources */,
			);
			runOnlyForDeploymentPostprocessing = 0;
		};
/* End PBXSourcesBuildPhase section */

/* Begin XCBuildConfiguration section */
		1D6058940D05DD3E006BFB54 /* Debug */ = {
			isa = XCBuildConfiguration;
			buildSettings = {
				ALWAYS_SEARCH_USER_PATHS = NO;
				COPY_PHASE_STRIP = NO;
				GCC_DYNAMIC_NO_PIC = NO;
				GCC_OPTIMIZATION_LEVEL = 0;
				GCC_PRECOMPILE_PREFIX_HEADER = YES;
				GCC_PREFIX_HEADER = climbingweather_Prefix.pch;
				INFOPLIST_FILE = "climbingweather-Info.plist";
				PRODUCT_NAME = climbingweather;
			};
			name = Debug;
		};
		1D6058950D05DD3E006BFB54 /* Release */ = {
			isa = XCBuildConfiguration;
			buildSettings = {
				ALWAYS_SEARCH_USER_PATHS = NO;
				COPY_PHASE_STRIP = YES;
				GCC_PRECOMPILE_PREFIX_HEADER = YES;
				GCC_PREFIX_HEADER = climbingweather_Prefix.pch;
				INFOPLIST_FILE = "climbingweather-Info.plist";
				PRODUCT_NAME = climbingweather;
				VALIDATE_PRODUCT = YES;
			};
			name = Release;
		};
		C01FCF4F08A954540054247B /* Debug */ = {
			isa = XCBuildConfiguration;
			buildSettings = {
				ARCHS = "$(ARCHS_STANDARD_32_BIT)";
				"CODE_SIGN_IDENTITY[sdk=iphoneos*]" = "iPhone Developer";
				GCC_C_LANGUAGE_STANDARD = c99;
				GCC_WARN_ABOUT_RETURN_TYPE = YES;
				GCC_WARN_UNUSED_VARIABLE = YES;
				PREBINDING = NO;
				SDKROOT = iphoneos;
			};
			name = Debug;
		};
		C01FCF5008A954540054247B /* Release */ = {
			isa = XCBuildConfiguration;
			buildSettings = {
				ARCHS = "$(ARCHS_STANDARD_32_BIT)";
				"CODE_SIGN_IDENTITY[sdk=iphoneos*]" = "iPhone Developer";
				GCC_C_LANGUAGE_STANDARD = c99;
				GCC_WARN_ABOUT_RETURN_TYPE = YES;
				GCC_WARN_UNUSED_VARIABLE = YES;
				OTHER_CFLAGS = "-DNS_BLOCK_ASSERTIONS=1";
				PREBINDING = NO;
				SDKROOT = iphoneos;
			};
			name = Release;
		};
/* End XCBuildConfiguration section */

/* Begin XCConfigurationList section */
		1D6058960D05DD3E006BFB54 /* Build configuration list for PBXNativeTarget "climbingweather" */ = {
			isa = XCConfigurationList;
			buildConfigurations = (
				1D6058940D05DD3E006BFB54 /* Debug */,
				1D6058950D05DD3E006BFB54 /* Release */,
			);
			defaultConfigurationIsVisible = 0;
			defaultConfigurationName = Release;
		};
		C01FCF4E08A954540054247B /* Build configuration list for PBXProject "climbingweather" */ = {
			isa = XCConfigurationList;
			buildConfigurations = (
				C01FCF4F08A954540054247B /* Debug */,
				C01FCF5008A954540054247B /* Release */,
			);
			defaultConfigurationIsVisible = 0;
			defaultConfigurationName = Release;
		};
/* End XCConfigurationList section */
	};
	rootObject = 29B97313FDCFA39411CA2CEA /* Project object */;
}
